PODS:
  - Alamofire (4.8.2)
  - CryptoSwift (1.0.0)
  - GzipSwift (5.0.0)
  - KeychainAccess (3.2.0)
  - Moya (13.0.1):
    - Moya/Core (= 13.0.1)
  - Moya/Core (13.0.1):
    - Alamofire (~> 4.1)
    - Result (~> 4.1)
  - ObjcExceptionBridging (1.0.1):
    - ObjcExceptionBridging/ObjcExceptionBridging (= 1.0.1)
  - ObjcExceptionBridging/ObjcExceptionBridging (1.0.1)
  - ObjectMapper (3.5.1)
  - Realm (3.17.1):
    - Realm/Headers (= 3.17.1)
  - Realm/Headers (3.17.1)
  - RealmSwift (3.17.1):
    - Realm (= 3.17.1)
  - Result (4.1.0)
  - Starscream (3.1.0)
  - SwiftyRSA (1.5.0):
    - SwiftyRSA/ObjC (= 1.5.0)
  - SwiftyRSA/ObjC (1.5.0)
  - XCGLogger (7.0.0):
    - XCGLogger/Core (= 7.0.0)
  - XCGLogger/Core (7.0.0):
    - ObjcExceptionBridging
  - ZRBase (0.0.3):
    - ZRBase/Configuration (= 0.0.3)
    - ZRBase/Encrypt (= 0.0.3)
    - ZRBase/Language (= 0.0.3)
    - ZRBase/Storage (= 0.0.3)
    - ZRBase/Tools (= 0.0.3)
  - ZRBase/Configuration (0.0.3):
    - XCGLogger
  - ZRBase/Encrypt (0.0.3):
    - CryptoSwift
  - ZRBase/Language (0.0.3):
    - ZRBase/Storage
  - ZRBase/Storage (0.0.3):
    - CryptoSwift
    - RealmSwift
    - ZRBase/Configuration
  - ZRBase/Tools (0.0.3):
    - KeychainAccess
    - ZRBase/Storage
  - ZRModel (0.0.1):
    - ZRModel/User (= 0.0.1)
  - ZRModel/User (0.0.1):
    - ObjectMapper
    - ZRBase
  - ZRNetwork (0.0.2):
    - ZRBase
    - ZRModel
    - ZRNetwork/HTTP (= 0.0.2)
    - ZRNetwork/Utility (= 0.0.2)
    - ZRNetwork/WebSocket (= 0.0.2)
  - ZRNetwork/HTTP (0.0.2):
    - Alamofire
    - Moya
    - ObjectMapper
    - ZRBase
    - ZRModel
    - ZRNetwork/Utility
  - ZRNetwork/Utility (0.0.2):
    - SwiftyRSA
    - ZRBase
    - ZRModel
  - ZRNetwork/WebSocket (0.0.2):
    - GzipSwift
    - ObjectMapper
    - Starscream
    - ZRBase
    - ZRModel
    - ZRNetwork/Utility

DEPENDENCIES:
  - Alamofire
  - GzipSwift
  - Moya
  - ObjectMapper
  - Starscream
  - SwiftyRSA
  - ZRBase
  - ZRModel
  - ZRNetwork

SPEC REPOS:
  http://192.168.1.203/iOS/ZRBase.git:
    - ZRBase
  http://192.168.1.203/iOS/ZRModel.git:
    - ZRModel
  http://192.168.1.203/iOS/ZRNetwork.git:
    - ZRNetwork
  https://github.com/cocoapods/specs.git:
    - Alamofire
    - CryptoSwift
    - GzipSwift
    - KeychainAccess
    - Moya
    - ObjcExceptionBridging
    - ObjectMapper
    - Realm
    - RealmSwift
    - Result
    - Starscream
    - SwiftyRSA
    - XCGLogger

SPEC CHECKSUMS:
  Alamofire: ae5c501addb7afdbb13687d7f2f722c78734c2d3
  CryptoSwift: d81eeaa59dc5a8d03720fe919a6fd07b51f7439f
  GzipSwift: 5592f4d62b641e04d06443ba471f8ed76b1363e4
  KeychainAccess: 3b1bf8a77eb4c6ea1ce9404c292e48f948954c6b
  Moya: f4a4b80ff2f8a4ffc208dfb31cd91636622fee6e
  ObjcExceptionBridging: c30e00eb3700467e695faeea30e26e18bd445001
  ObjectMapper: 70187b8941977c62ccfb423caf6b50be405cabf0
  Realm: c204f1a890f07dea43b14132a6aad118c054b8f2
  RealmSwift: 4d3c9233544b9cd08a8913e0872b9038eb99b054
  Result: bd966fac789cc6c1563440b348ab2598cc24d5c7
  Starscream: 08172b481e145289c4930cb567230fb55897cfa4
  SwiftyRSA: 6e528fb1b1a87d5111c48081083b141d6d65f1cf
  XCGLogger: 0434f15e3909cdc450bb63faf638b8792ab782ab
  ZRBase: c1669550c10606179ba9f26e32d4633857e7e3c1
  ZRModel: 928d437414cc1cba4facb308786b63a636d65b9c
  ZRNetwork: 82469f3a6972c199b0d50f7caf64757905b5eed0

PODFILE CHECKSUM: ee9414cea6b49802b08faf5ca93e86d0dd2a4a9e

COCOAPODS: 1.7.5
