// !$*UTF8*$!
{
	archiveVersion = 1;
	classes = {
	};
	objectVersion = 51;
	objects = {

/* Begin PBXBuildFile section */
		3B26926722DC90920046B35A /* AppDelegate.swift in Sources */ = {isa = PBXBuildFile; fileRef = 3B26926622DC90920046B35A /* AppDelegate.swift */; };
		3B26926E22DC90930046B35A /* Assets.xcassets in Resources */ = {isa = PBXBuildFile; fileRef = 3B26926D22DC90930046B35A /* Assets.xcassets */; };
		3B26927122DC90930046B35A /* LaunchScreen.storyboard in Resources */ = {isa = PBXBuildFile; fileRef = 3B26926F22DC90930046B35A /* LaunchScreen.storyboard */; };
		3B26927A22DC90D90046B35A /* Network.strings in Resources */ = {isa = PBXBuildFile; fileRef = 3B26927922DC90D90046B35A /* Network.strings */; };
		3B26927D22DC90E30046B35A /* NetworkResource.swift in Sources */ = {isa = PBXBuildFile; fileRef = 3B26927C22DC90E30046B35A /* NetworkResource.swift */; };
		3B26928222DC90F80046B35A /* NetworkResult.swift in Sources */ = {isa = PBXBuildFile; fileRef = 3B26927F22DC90F80046B35A /* NetworkResult.swift */; };
		3B26928322DC90F80046B35A /* NetworkAPI.swift in Sources */ = {isa = PBXBuildFile; fileRef = 3B26928022DC90F80046B35A /* NetworkAPI.swift */; };
		3B26928422DC90F80046B35A /* NetworkError.swift in Sources */ = {isa = PBXBuildFile; fileRef = 3B26928122DC90F80046B35A /* NetworkError.swift */; };
		3B2692F322DD9AB20046B35A /* Signer.swift in Sources */ = {isa = PBXBuildFile; fileRef = 3B2692F222DD9AB20046B35A /* Signer.swift */; };
		3C2ABCE222EEF56900739A79 /* OptionShowViewController.swift in Sources */ = {isa = PBXBuildFile; fileRef = 3C2ABCE122EEF56900739A79 /* OptionShowViewController.swift */; };
		3C5E21C722F27447007DF53E /* OptionTableViewCell.swift in Sources */ = {isa = PBXBuildFile; fileRef = 3C5E21C622F27447007DF53E /* OptionTableViewCell.swift */; };
		3C5E21CD22F2BD0A007DF53E /* OptionSocketBackData.swift in Sources */ = {isa = PBXBuildFile; fileRef = 3C5E21CC22F2BD0A007DF53E /* OptionSocketBackData.swift */; };
		3C62BE1A22EFDCBC00CACC4C /* OptionModel.swift in Sources */ = {isa = PBXBuildFile; fileRef = 3C62BE1922EFDCBC00CACC4C /* OptionModel.swift */; };
		3C62BE1E22F0343A00CACC4C /* JerryViewController.swift in Sources */ = {isa = PBXBuildFile; fileRef = 3C62BE1D22F0343A00CACC4C /* JerryViewController.swift */; };
		3C62BE2022F0420200CACC4C /* OptionPort.swift in Sources */ = {isa = PBXBuildFile; fileRef = 3C62BE1F22F0420200CACC4C /* OptionPort.swift */; };
		3C62BE2222F04F3400CACC4C /* DataResult.swift in Sources */ = {isa = PBXBuildFile; fileRef = 3C62BE2122F04F3400CACC4C /* DataResult.swift */; };
		3C73235722F1230700217437 /* OptionViewCell.swift in Sources */ = {isa = PBXBuildFile; fileRef = 3C73235622F1230700217437 /* OptionViewCell.swift */; };
		3C73235922F1361300217437 /* work.plist in Resources */ = {isa = PBXBuildFile; fileRef = 3C73235822F1361300217437 /* work.plist */; };
		3C73235B22F164A600217437 /* OptionModelPlist.swift in Sources */ = {isa = PBXBuildFile; fileRef = 3C73235A22F164A600217437 /* OptionModelPlist.swift */; };
		9501EDDB22E82C7600F70E4A /* WebSocketManager.swift in Sources */ = {isa = PBXBuildFile; fileRef = 9501EDD922E82C7600F70E4A /* WebSocketManager.swift */; };
		9501EDDC22E82C7600F70E4A /* SocketIOPacket.swift in Sources */ = {isa = PBXBuildFile; fileRef = 9501EDDA22E82C7600F70E4A /* SocketIOPacket.swift */; };
		9501EDDE22E82CB800F70E4A /* Network.swift in Sources */ = {isa = PBXBuildFile; fileRef = 9501EDDD22E82CB800F70E4A /* Network.swift */; };
		9501EDE022E82D0800F70E4A /* SocketTargetType.swift in Sources */ = {isa = PBXBuildFile; fileRef = 9501EDDF22E82D0800F70E4A /* SocketTargetType.swift */; };
		9501EDE222E8358B00F70E4A /* SocketIOResponse.swift in Sources */ = {isa = PBXBuildFile; fileRef = 9501EDE122E8358B00F70E4A /* SocketIOResponse.swift */; };
		9501EDE622E83B2A00F70E4A /* WebSocketResult.swift in Sources */ = {isa = PBXBuildFile; fileRef = 9501EDE522E83B2A00F70E4A /* WebSocketResult.swift */; };
		9501EDE822E83BE600F70E4A /* WebSocketError.swift in Sources */ = {isa = PBXBuildFile; fileRef = 9501EDE722E83BE600F70E4A /* WebSocketError.swift */; };
		9501EDEA22E85D3C00F70E4A /* SocketPushResponse.swift in Sources */ = {isa = PBXBuildFile; fileRef = 9501EDE922E85D3C00F70E4A /* SocketPushResponse.swift */; };
		9501EDEC22E85F9400F70E4A /* SocketPushResult.swift in Sources */ = {isa = PBXBuildFile; fileRef = 9501EDEB22E85F9400F70E4A /* SocketPushResult.swift */; };
		C23324C722F6AC780005A0D4 /* JerryOptionTypeTools.swift in Sources */ = {isa = PBXBuildFile; fileRef = C23324C622F6AC780005A0D4 /* JerryOptionTypeTools.swift */; };
		C23324C922F6B05F0005A0D4 /* OptionPortSocketArray.swift in Sources */ = {isa = PBXBuildFile; fileRef = C23324C822F6B05F0005A0D4 /* OptionPortSocketArray.swift */; };
		C2C0FA4B22F080360045A79F /* 456.json in Resources */ = {isa = PBXBuildFile; fileRef = C2C0FA4A22F080360045A79F /* 456.json */; };
		D4CC339095E448259E738267 /* libPods-ZRNetworkModule.a in Frameworks */ = {isa = PBXBuildFile; fileRef = 7E5BD2A1267351701EC8AF83 /* libPods-ZRNetworkModule.a */; };
/* End PBXBuildFile section */

/* Begin PBXFileReference section */
		3B26926322DC90920046B35A /* ZRNetworkModule.app */ = {isa = PBXFileReference; explicitFileType = wrapper.application; includeInIndex = 0; path = ZRNetworkModule.app; sourceTree = BUILT_PRODUCTS_DIR; };
		3B26926622DC90920046B35A /* AppDelegate.swift */ = {isa = PBXFileReference; lastKnownFileType = sourcecode.swift; path = AppDelegate.swift; sourceTree = "<group>"; };
		3B26926D22DC90930046B35A /* Assets.xcassets */ = {isa = PBXFileReference; lastKnownFileType = folder.assetcatalog; path = Assets.xcassets; sourceTree = "<group>"; };
		3B26927022DC90930046B35A /* Base */ = {isa = PBXFileReference; lastKnownFileType = file.storyboard; name = Base; path = Base.lproj/LaunchScreen.storyboard; sourceTree = "<group>"; };
		3B26927222DC90930046B35A /* Info.plist */ = {isa = PBXFileReference; lastKnownFileType = text.plist.xml; path = Info.plist; sourceTree = "<group>"; };
		3B26927922DC90D90046B35A /* Network.strings */ = {isa = PBXFileReference; fileEncoding = 4; lastKnownFileType = text.plist.strings; path = Network.strings; sourceTree = "<group>"; };
		3B26927C22DC90E30046B35A /* NetworkResource.swift */ = {isa = PBXFileReference; fileEncoding = 4; lastKnownFileType = sourcecode.swift; path = NetworkResource.swift; sourceTree = "<group>"; };
		3B26927F22DC90F80046B35A /* NetworkResult.swift */ = {isa = PBXFileReference; fileEncoding = 4; lastKnownFileType = sourcecode.swift; path = NetworkResult.swift; sourceTree = "<group>"; };
		3B26928022DC90F80046B35A /* NetworkAPI.swift */ = {isa = PBXFileReference; fileEncoding = 4; lastKnownFileType = sourcecode.swift; path = NetworkAPI.swift; sourceTree = "<group>"; };
		3B26928122DC90F80046B35A /* NetworkError.swift */ = {isa = PBXFileReference; fileEncoding = 4; lastKnownFileType = sourcecode.swift; path = NetworkError.swift; sourceTree = "<group>"; };
		3B2692F222DD9AB20046B35A /* Signer.swift */ = {isa = PBXFileReference; lastKnownFileType = sourcecode.swift; path = Signer.swift; sourceTree = "<group>"; };
		3C2ABCE122EEF56900739A79 /* OptionShowViewController.swift */ = {isa = PBXFileReference; lastKnownFileType = sourcecode.swift; path = OptionShowViewController.swift; sourceTree = "<group>"; };
		3C5E21C622F27447007DF53E /* OptionTableViewCell.swift */ = {isa = PBXFileReference; lastKnownFileType = sourcecode.swift; path = OptionTableViewCell.swift; sourceTree = "<group>"; };
		3C5E21CC22F2BD0A007DF53E /* OptionSocketBackData.swift */ = {isa = PBXFileReference; lastKnownFileType = sourcecode.swift; path = OptionSocketBackData.swift; sourceTree = "<group>"; };
		3C62BE1922EFDCBC00CACC4C /* OptionModel.swift */ = {isa = PBXFileReference; lastKnownFileType = sourcecode.swift; path = OptionModel.swift; sourceTree = "<group>"; };
		3C62BE1D22F0343A00CACC4C /* JerryViewController.swift */ = {isa = PBXFileReference; lastKnownFileType = sourcecode.swift; path = JerryViewController.swift; sourceTree = "<group>"; };
		3C62BE1F22F0420200CACC4C /* OptionPort.swift */ = {isa = PBXFileReference; lastKnownFileType = sourcecode.swift; path = OptionPort.swift; sourceTree = "<group>"; };
		3C62BE2122F04F3400CACC4C /* DataResult.swift */ = {isa = PBXFileReference; lastKnownFileType = sourcecode.swift; path = DataResult.swift; sourceTree = "<group>"; };
		3C73235622F1230700217437 /* OptionViewCell.swift */ = {isa = PBXFileReference; lastKnownFileType = sourcecode.swift; path = OptionViewCell.swift; sourceTree = "<group>"; };
		3C73235822F1361300217437 /* work.plist */ = {isa = PBXFileReference; lastKnownFileType = text.plist.xml; path = work.plist; sourceTree = "<group>"; };
		3C73235A22F164A600217437 /* OptionModelPlist.swift */ = {isa = PBXFileReference; lastKnownFileType = sourcecode.swift; path = OptionModelPlist.swift; sourceTree = "<group>"; };
		7E5BD2A1267351701EC8AF83 /* libPods-ZRNetworkModule.a */ = {isa = PBXFileReference; explicitFileType = archive.ar; includeInIndex = 0; path = "libPods-ZRNetworkModule.a"; sourceTree = BUILT_PRODUCTS_DIR; };
		9501EDD922E82C7600F70E4A /* WebSocketManager.swift */ = {isa = PBXFileReference; fileEncoding = 4; lastKnownFileType = sourcecode.swift; path = WebSocketManager.swift; sourceTree = "<group>"; };
		9501EDDA22E82C7600F70E4A /* SocketIOPacket.swift */ = {isa = PBXFileReference; fileEncoding = 4; lastKnownFileType = sourcecode.swift; path = SocketIOPacket.swift; sourceTree = "<group>"; };
		9501EDDD22E82CB800F70E4A /* Network.swift */ = {isa = PBXFileReference; lastKnownFileType = sourcecode.swift; path = Network.swift; sourceTree = "<group>"; };
		9501EDDF22E82D0800F70E4A /* SocketTargetType.swift */ = {isa = PBXFileReference; lastKnownFileType = sourcecode.swift; path = SocketTargetType.swift; sourceTree = "<group>"; };
		9501EDE122E8358B00F70E4A /* SocketIOResponse.swift */ = {isa = PBXFileReference; lastKnownFileType = sourcecode.swift; path = SocketIOResponse.swift; sourceTree = "<group>"; };
		9501EDE522E83B2A00F70E4A /* WebSocketResult.swift */ = {isa = PBXFileReference; lastKnownFileType = sourcecode.swift; path = WebSocketResult.swift; sourceTree = "<group>"; };
		9501EDE722E83BE600F70E4A /* WebSocketError.swift */ = {isa = PBXFileReference; lastKnownFileType = sourcecode.swift; path = WebSocketError.swift; sourceTree = "<group>"; };
		9501EDE922E85D3C00F70E4A /* SocketPushResponse.swift */ = {isa = PBXFileReference; lastKnownFileType = sourcecode.swift; path = SocketPushResponse.swift; sourceTree = "<group>"; };
		9501EDEB22E85F9400F70E4A /* SocketPushResult.swift */ = {isa = PBXFileReference; lastKnownFileType = sourcecode.swift; path = SocketPushResult.swift; sourceTree = "<group>"; };
		C141D4C818FA9B88F51306BF /* Pods-ZRNetworkModule.debug.xcconfig */ = {isa = PBXFileReference; includeInIndex = 1; lastKnownFileType = text.xcconfig; name = "Pods-ZRNetworkModule.debug.xcconfig"; path = "Target Support Files/Pods-ZRNetworkModule/Pods-ZRNetworkModule.debug.xcconfig"; sourceTree = "<group>"; };
		C23324C622F6AC780005A0D4 /* JerryOptionTypeTools.swift */ = {isa = PBXFileReference; lastKnownFileType = sourcecode.swift; path = JerryOptionTypeTools.swift; sourceTree = "<group>"; };
		C23324C822F6B05F0005A0D4 /* OptionPortSocketArray.swift */ = {isa = PBXFileReference; lastKnownFileType = sourcecode.swift; path = OptionPortSocketArray.swift; sourceTree = "<group>"; };
		C2C0FA4A22F080360045A79F /* 456.json */ = {isa = PBXFileReference; fileEncoding = 4; lastKnownFileType = text.json; path = 456.json; sourceTree = "<group>"; };
		D55F994797DE276BF459A673 /* Pods-ZRNetworkModule.release.xcconfig */ = {isa = PBXFileReference; includeInIndex = 1; lastKnownFileType = text.xcconfig; name = "Pods-ZRNetworkModule.release.xcconfig"; path = "Target Support Files/Pods-ZRNetworkModule/Pods-ZRNetworkModule.release.xcconfig"; sourceTree = "<group>"; };
/* End PBXFileReference section */

/* Begin PBXFrameworksBuildPhase section */
		3B26926022DC90920046B35A /* Frameworks */ = {
			isa = PBXFrameworksBuildPhase;
			buildActionMask = 2147483647;
			files = (
				D4CC339095E448259E738267 /* libPods-ZRNetworkModule.a in Frameworks */,
			);
			runOnlyForDeploymentPostprocessing = 0;
		};
/* End PBXFrameworksBuildPhase section */

/* Begin PBXGroup section */
		0E42088C6ABC15BFE1A4AE3D /* Pods */ = {
			isa = PBXGroup;
			children = (
				C141D4C818FA9B88F51306BF /* Pods-ZRNetworkModule.debug.xcconfig */,
				D55F994797DE276BF459A673 /* Pods-ZRNetworkModule.release.xcconfig */,
			);
			path = Pods;
			sourceTree = "<group>";
		};
		3B26925A22DC90920046B35A = {
			isa = PBXGroup;
			children = (
				3B26926522DC90920046B35A /* ZRNetworkModule */,
				3B26926422DC90920046B35A /* Products */,
				0E42088C6ABC15BFE1A4AE3D /* Pods */,
				5EDF72403FE1224820D158F6 /* Frameworks */,
			);
			sourceTree = "<group>";
		};
		3B26926422DC90920046B35A /* Products */ = {
			isa = PBXGroup;
			children = (
				3B26926322DC90920046B35A /* ZRNetworkModule.app */,
			);
			name = Products;
			sourceTree = "<group>";
		};
		3B26926522DC90920046B35A /* ZRNetworkModule */ = {
			isa = PBXGroup;
			children = (
				3B26926622DC90920046B35A /* AppDelegate.swift */,
				3C62BE1D22F0343A00CACC4C /* JerryViewController.swift */,
				C23324C622F6AC780005A0D4 /* JerryOptionTypeTools.swift */,
				3C5E21CC22F2BD0A007DF53E /* OptionSocketBackData.swift */,
				3C62BE1F22F0420200CACC4C /* OptionPort.swift */,
				C23324C822F6B05F0005A0D4 /* OptionPortSocketArray.swift */,
				3C5E21C622F27447007DF53E /* OptionTableViewCell.swift */,
				3B26926D22DC90930046B35A /* Assets.xcassets */,
				3B26926F22DC90930046B35A /* LaunchScreen.storyboard */,
				3B26927222DC90930046B35A /* Info.plist */,
				3C2ABCE022EEF4DE00739A79 /* OptionShow */,
				9501EDD822E82C7600F70E4A /* WebSocket */,
				3B26927E22DC90F80046B35A /* HTTP */,
				3B26927B22DC90E30046B35A /* Utility */,
				3B26927822DC90D90046B35A /* Resources */,
			);
			path = ZRNetworkModule;
			sourceTree = "<group>";
		};
		3B26927822DC90D90046B35A /* Resources */ = {
			isa = PBXGroup;
			children = (
				3B26927922DC90D90046B35A /* Network.strings */,
			);
			path = Resources;
			sourceTree = "<group>";
		};
		3B26927B22DC90E30046B35A /* Utility */ = {
			isa = PBXGroup;
			children = (
				3B26927C22DC90E30046B35A /* NetworkResource.swift */,
				3B2692F222DD9AB20046B35A /* Signer.swift */,
			);
			path = Utility;
			sourceTree = "<group>";
		};
		3B26927E22DC90F80046B35A /* HTTP */ = {
			isa = PBXGroup;
			children = (
				9501EDDD22E82CB800F70E4A /* Network.swift */,
				3B26927F22DC90F80046B35A /* NetworkResult.swift */,
				3B26928022DC90F80046B35A /* NetworkAPI.swift */,
				3B26928122DC90F80046B35A /* NetworkError.swift */,
			);
			path = HTTP;
			sourceTree = "<group>";
		};
		3C2ABCE022EEF4DE00739A79 /* OptionShow */ = {
			isa = PBXGroup;
			children = (
				3C2ABCE122EEF56900739A79 /* OptionShowViewController.swift */,
				3C73235622F1230700217437 /* OptionViewCell.swift */,
				3C73235A22F164A600217437 /* OptionModelPlist.swift */,
				3C62BE1922EFDCBC00CACC4C /* OptionModel.swift */,
				3C62BE2122F04F3400CACC4C /* DataResult.swift */,
				3C73235822F1361300217437 /* work.plist */,
				C2C0FA4A22F080360045A79F /* 456.json */,
			);
			path = OptionShow;
			sourceTree = "<group>";
		};
		5EDF72403FE1224820D158F6 /* Frameworks */ = {
			isa = PBXGroup;
			children = (
				7E5BD2A1267351701EC8AF83 /* libPods-ZRNetworkModule.a */,
			);
			name = Frameworks;
			sourceTree = "<group>";
		};
		9501EDD822E82C7600F70E4A /* WebSocket */ = {
			isa = PBXGroup;
			children = (
				9501EDD922E82C7600F70E4A /* WebSocketManager.swift */,
				9501EDDF22E82D0800F70E4A /* SocketTargetType.swift */,
				9501EDDA22E82C7600F70E4A /* SocketIOPacket.swift */,
				9501EDE122E8358B00F70E4A /* SocketIOResponse.swift */,
				9501EDE522E83B2A00F70E4A /* WebSocketResult.swift */,
				9501EDE722E83BE600F70E4A /* WebSocketError.swift */,
				9501EDE922E85D3C00F70E4A /* SocketPushResponse.swift */,
				9501EDEB22E85F9400F70E4A /* SocketPushResult.swift */,
			);
			path = WebSocket;
			sourceTree = "<group>";
		};
/* End PBXGroup section */

/* Begin PBXNativeTarget section */
		3B26926222DC90920046B35A /* ZRNetworkModule */ = {
			isa = PBXNativeTarget;
			buildConfigurationList = 3B26927522DC90930046B35A /* Build configuration list for PBXNativeTarget "ZRNetworkModule" */;
			buildPhases = (
				ECD1C86DB433DF830BC04003 /* [CP] Check Pods Manifest.lock */,
				3B26925F22DC90920046B35A /* Sources */,
				3B26926022DC90920046B35A /* Frameworks */,
				3B26926122DC90920046B35A /* Resources */,
				E3209B4EC39D0312B9FCD630 /* [CP] Copy Pods Resources */,
			);
			buildRules = (
			);
			dependencies = (
			);
			name = ZRNetworkModule;
			productName = ZRNetworkModule;
			productReference = 3B26926322DC90920046B35A /* ZRNetworkModule.app */;
			productType = "com.apple.product-type.application";
		};
/* End PBXNativeTarget section */

/* Begin PBXProject section */
		3B26925B22DC90920046B35A /* Project object */ = {
			isa = PBXProject;
			attributes = {
				LastSwiftUpdateCheck = 1020;
				LastUpgradeCheck = 1020;
				ORGANIZATIONNAME = lam;
				TargetAttributes = {
					3B26926222DC90920046B35A = {
						CreatedOnToolsVersion = 10.2.1;
					};
				};
			};
			buildConfigurationList = 3B26925E22DC90920046B35A /* Build configuration list for PBXProject "ZRNetworkModule" */;
			compatibilityVersion = "Xcode 9.3";
			developmentRegion = en;
			hasScannedForEncodings = 0;
			knownRegions = (
				en,
				Base,
			);
			mainGroup = 3B26925A22DC90920046B35A;
			productRefGroup = 3B26926422DC90920046B35A /* Products */;
			projectDirPath = "";
			projectRoot = "";
			targets = (
				3B26926222DC90920046B35A /* ZRNetworkModule */,
			);
		};
/* End PBXProject section */

/* Begin PBXResourcesBuildPhase section */
		3B26926122DC90920046B35A /* Resources */ = {
			isa = PBXResourcesBuildPhase;
			buildActionMask = 2147483647;
			files = (
				3B26927122DC90930046B35A /* LaunchScreen.storyboard in Resources */,
				3B26927A22DC90D90046B35A /* Network.strings in Resources */,
				3B26926E22DC90930046B35A /* Assets.xcassets in Resources */,
				C2C0FA4B22F080360045A79F /* 456.json in Resources */,
				3C73235922F1361300217437 /* work.plist in Resources */,
			);
			runOnlyForDeploymentPostprocessing = 0;
		};
/* End PBXResourcesBuildPhase section */

/* Begin PBXShellScriptBuildPhase section */
		E3209B4EC39D0312B9FCD630 /* [CP] Copy Pods Resources */ = {
			isa = PBXShellScriptBuildPhase;
			buildActionMask = 2147483647;
			files = (
			);
			inputFileListPaths = (
				"${PODS_ROOT}/Target Support Files/Pods-ZRNetworkModule/Pods-ZRNetworkModule-resources-${CONFIGURATION}-input-files.xcfilelist",
			);
			name = "[CP] Copy Pods Resources";
			outputFileListPaths = (
				"${PODS_ROOT}/Target Support Files/Pods-ZRNetworkModule/Pods-ZRNetworkModule-resources-${CONFIGURATION}-output-files.xcfilelist",
			);
			runOnlyForDeploymentPostprocessing = 0;
			shellPath = /bin/sh;
			shellScript = "\"${PODS_ROOT}/Target Support Files/Pods-ZRNetworkModule/Pods-ZRNetworkModule-resources.sh\"\n";
			showEnvVarsInLog = 0;
		};
		ECD1C86DB433DF830BC04003 /* [CP] Check Pods Manifest.lock */ = {
			isa = PBXShellScriptBuildPhase;
			buildActionMask = 2147483647;
			files = (
			);
			inputFileListPaths = (
			);
			inputPaths = (
				"${PODS_PODFILE_DIR_PATH}/Podfile.lock",
				"${PODS_ROOT}/Manifest.lock",
			);
			name = "[CP] Check Pods Manifest.lock";
			outputFileListPaths = (
			);
			outputPaths = (
				"$(DERIVED_FILE_DIR)/Pods-ZRNetworkModule-checkManifestLockResult.txt",
			);
			runOnlyForDeploymentPostprocessing = 0;
			shellPath = /bin/sh;
			shellScript = "diff \"${PODS_PODFILE_DIR_PATH}/Podfile.lock\" \"${PODS_ROOT}/Manifest.lock\" > /dev/null\nif [ $? != 0 ] ; then\n    # print error to STDERR\n    echo \"error: The sandbox is not in sync with the Podfile.lock. Run 'pod install' or update your CocoaPods installation.\" >&2\n    exit 1\nfi\n# This output is used by Xcode 'outputs' to avoid re-running this script phase.\necho \"SUCCESS\" > \"${SCRIPT_OUTPUT_FILE_0}\"\n";
			showEnvVarsInLog = 0;
		};
/* End PBXShellScriptBuildPhase section */

/* Begin PBXSourcesBuildPhase section */
		3B26925F22DC90920046B35A /* Sources */ = {
			isa = PBXSourcesBuildPhase;
			buildActionMask = 2147483647;
			files = (
				9501EDDE22E82CB800F70E4A /* Network.swift in Sources */,
				3C5E21C722F27447007DF53E /* OptionTableViewCell.swift in Sources */,
				3C62BE1E22F0343A00CACC4C /* JerryViewController.swift in Sources */,
				3C62BE1A22EFDCBC00CACC4C /* OptionModel.swift in Sources */,
				9501EDE822E83BE600F70E4A /* WebSocketError.swift in Sources */,
				3B26928322DC90F80046B35A /* NetworkAPI.swift in Sources */,
				9501EDEA22E85D3C00F70E4A /* SocketPushResponse.swift in Sources */,
				3B26927D22DC90E30046B35A /* NetworkResource.swift in Sources */,
				9501EDDB22E82C7600F70E4A /* WebSocketManager.swift in Sources */,
				3C62BE2222F04F3400CACC4C /* DataResult.swift in Sources */,
				C23324C722F6AC780005A0D4 /* JerryOptionTypeTools.swift in Sources */,
				3C73235B22F164A600217437 /* OptionModelPlist.swift in Sources */,
				9501EDE222E8358B00F70E4A /* SocketIOResponse.swift in Sources */,
				C23324C922F6B05F0005A0D4 /* OptionPortSocketArray.swift in Sources */,
				3B2692F322DD9AB20046B35A /* Signer.swift in Sources */,
				9501EDEC22E85F9400F70E4A /* SocketPushResult.swift in Sources */,
				9501EDDC22E82C7600F70E4A /* SocketIOPacket.swift in Sources */,
				9501EDE022E82D0800F70E4A /* SocketTargetType.swift in Sources */,
				3C2ABCE222EEF56900739A79 /* OptionShowViewController.swift in Sources */,
				3C5E21CD22F2BD0A007DF53E /* OptionSocketBackData.swift in Sources */,
				3B26928422DC90F80046B35A /* NetworkError.swift in Sources */,
				3B26926722DC90920046B35A /* AppDelegate.swift in Sources */,
				3C73235722F1230700217437 /* OptionViewCell.swift in Sources */,
				9501EDE622E83B2A00F70E4A /* WebSocketResult.swift in Sources */,
				3C62BE2022F0420200CACC4C /* OptionPort.swift in Sources */,
				3B26928222DC90F80046B35A /* NetworkResult.swift in Sources */,
			);
			runOnlyForDeploymentPostprocessing = 0;
		};
/* End PBXSourcesBuildPhase section */

/* Begin PBXVariantGroup section */
		3B26926F22DC90930046B35A /* LaunchScreen.storyboard */ = {
			isa = PBXVariantGroup;
			children = (
				3B26927022DC90930046B35A /* Base */,
			);
			name = LaunchScreen.storyboard;
			sourceTree = "<group>";
		};
/* End PBXVariantGroup section */

/* Begin XCBuildConfiguration section */
		3B26927322DC90930046B35A /* Debug */ = {
			isa = XCBuildConfiguration;
			buildSettings = {
				ALWAYS_SEARCH_USER_PATHS = NO;
				CLANG_ANALYZER_NONNULL = YES;
				CLANG_ANALYZER_NUMBER_OBJECT_CONVERSION = YES_AGGRESSIVE;
				CLANG_CXX_LANGUAGE_STANDARD = "gnu++14";
				CLANG_CXX_LIBRARY = "libc++";
				CLANG_ENABLE_MODULES = YES;
				CLANG_ENABLE_OBJC_ARC = YES;
				CLANG_ENABLE_OBJC_WEAK = YES;
				CLANG_WARN_BLOCK_CAPTURE_AUTORELEASING = YES;
				CLANG_WARN_BOOL_CONVERSION = YES;
				CLANG_WARN_COMMA = YES;
				CLANG_WARN_CONSTANT_CONVERSION = YES;
				CLANG_WARN_DEPRECATED_OBJC_IMPLEMENTATIONS = YES;
				CLANG_WARN_DIRECT_OBJC_ISA_USAGE = YES_ERROR;
				CLANG_WARN_DOCUMENTATION_COMMENTS = YES;
				CLANG_WARN_EMPTY_BODY = YES;
				CLANG_WARN_ENUM_CONVERSION = YES;
				CLANG_WARN_INFINITE_RECURSION = YES;
				CLANG_WARN_INT_CONVERSION = YES;
				CLANG_WARN_NON_LITERAL_NULL_CONVERSION = YES;
				CLANG_WARN_OBJC_IMPLICIT_RETAIN_SELF = YES;
				CLANG_WARN_OBJC_LITERAL_CONVERSION = YES;
				CLANG_WARN_OBJC_ROOT_CLASS = YES_ERROR;
				CLANG_WARN_RANGE_LOOP_ANALYSIS = YES;
				CLANG_WARN_STRICT_PROTOTYPES = YES;
				CLANG_WARN_SUSPICIOUS_MOVE = YES;
				CLANG_WARN_UNGUARDED_AVAILABILITY = YES_AGGRESSIVE;
				CLANG_WARN_UNREACHABLE_CODE = YES;
				CLANG_WARN__DUPLICATE_METHOD_MATCH = YES;
				CODE_SIGN_IDENTITY = "iPhone Developer";
				COPY_PHASE_STRIP = NO;
				DEBUG_INFORMATION_FORMAT = dwarf;
				ENABLE_STRICT_OBJC_MSGSEND = YES;
				ENABLE_TESTABILITY = YES;
				GCC_C_LANGUAGE_STANDARD = gnu11;
				GCC_DYNAMIC_NO_PIC = NO;
				GCC_NO_COMMON_BLOCKS = YES;
				GCC_OPTIMIZATION_LEVEL = 0;
				GCC_PREPROCESSOR_DEFINITIONS = (
					"DEBUG=1",
					"$(inherited)",
				);
				GCC_WARN_64_TO_32_BIT_CONVERSION = YES;
				GCC_WARN_ABOUT_RETURN_TYPE = YES_ERROR;
				GCC_WARN_UNDECLARED_SELECTOR = YES;
				GCC_WARN_UNINITIALIZED_AUTOS = YES_AGGRESSIVE;
				GCC_WARN_UNUSED_FUNCTION = YES;
				GCC_WARN_UNUSED_VARIABLE = YES;
				IPHONEOS_DEPLOYMENT_TARGET = 12.2;
				MTL_ENABLE_DEBUG_INFO = INCLUDE_SOURCE;
				MTL_FAST_MATH = YES;
				ONLY_ACTIVE_ARCH = YES;
				SDKROOT = iphoneos;
				SWIFT_ACTIVE_COMPILATION_CONDITIONS = DEBUG;
				SWIFT_OPTIMIZATION_LEVEL = "-Onone";
			};
			name = Debug;
		};
		3B26927422DC90930046B35A /* Release */ = {
			isa = XCBuildConfiguration;
			buildSettings = {
				ALWAYS_SEARCH_USER_PATHS = NO;
				CLANG_ANALYZER_NONNULL = YES;
				CLANG_ANALYZER_NUMBER_OBJECT_CONVERSION = YES_AGGRESSIVE;
				CLANG_CXX_LANGUAGE_STANDARD = "gnu++14";
				CLANG_CXX_LIBRARY = "libc++";
				CLANG_ENABLE_MODULES = YES;
				CLANG_ENABLE_OBJC_ARC = YES;
				CLANG_ENABLE_OBJC_WEAK = YES;
				CLANG_WARN_BLOCK_CAPTURE_AUTORELEASING = YES;
				CLANG_WARN_BOOL_CONVERSION = YES;
				CLANG_WARN_COMMA = YES;
				CLANG_WARN_CONSTANT_CONVERSION = YES;
				CLANG_WARN_DEPRECATED_OBJC_IMPLEMENTATIONS = YES;
				CLANG_WARN_DIRECT_OBJC_ISA_USAGE = YES_ERROR;
				CLANG_WARN_DOCUMENTATION_COMMENTS = YES;
				CLANG_WARN_EMPTY_BODY = YES;
				CLANG_WARN_ENUM_CONVERSION = YES;
				CLANG_WARN_INFINITE_RECURSION = YES;
				CLANG_WARN_INT_CONVERSION = YES;
				CLANG_WARN_NON_LITERAL_NULL_CONVERSION = YES;
				CLANG_WARN_OBJC_IMPLICIT_RETAIN_SELF = YES;
				CLANG_WARN_OBJC_LITERAL_CONVERSION = YES;
				CLANG_WARN_OBJC_ROOT_CLASS = YES_ERROR;
				CLANG_WARN_RANGE_LOOP_ANALYSIS = YES;
				CLANG_WARN_STRICT_PROTOTYPES = YES;
				CLANG_WARN_SUSPICIOUS_MOVE = YES;
				CLANG_WARN_UNGUARDED_AVAILABILITY = YES_AGGRESSIVE;
				CLANG_WARN_UNREACHABLE_CODE = YES;
				CLANG_WARN__DUPLICATE_METHOD_MATCH = YES;
				CODE_SIGN_IDENTITY = "iPhone Developer";
				COPY_PHASE_STRIP = NO;
				DEBUG_INFORMATION_FORMAT = "dwarf-with-dsym";
				ENABLE_NS_ASSERTIONS = NO;
				ENABLE_STRICT_OBJC_MSGSEND = YES;
				GCC_C_LANGUAGE_STANDARD = gnu11;
				GCC_NO_COMMON_BLOCKS = YES;
				GCC_WARN_64_TO_32_BIT_CONVERSION = YES;
				GCC_WARN_ABOUT_RETURN_TYPE = YES_ERROR;
				GCC_WARN_UNDECLARED_SELECTOR = YES;
				GCC_WARN_UNINITIALIZED_AUTOS = YES_AGGRESSIVE;
				GCC_WARN_UNUSED_FUNCTION = YES;
				GCC_WARN_UNUSED_VARIABLE = YES;
				IPHONEOS_DEPLOYMENT_TARGET = 12.2;
				MTL_ENABLE_DEBUG_INFO = NO;
				MTL_FAST_MATH = YES;
				SDKROOT = iphoneos;
				SWIFT_COMPILATION_MODE = wholemodule;
				SWIFT_OPTIMIZATION_LEVEL = "-O";
				VALIDATE_PRODUCT = YES;
			};
			name = Release;
		};
		3B26927622DC90930046B35A /* Debug */ = {
			isa = XCBuildConfiguration;
			baseConfigurationReference = C141D4C818FA9B88F51306BF /* Pods-ZRNetworkModule.debug.xcconfig */;
			buildSettings = {
				ASSETCATALOG_COMPILER_APPICON_NAME = AppIcon;
				CODE_SIGN_STYLE = Automatic;
				INFOPLIST_FILE = ZRNetworkModule/Info.plist;
				IPHONEOS_DEPLOYMENT_TARGET = 9.0;
				LD_RUNPATH_SEARCH_PATHS = (
					"$(inherited)",
					"@executable_path/Frameworks",
				);
				PRODUCT_BUNDLE_IDENTIFIER = com.zr.ZRNetworkModule;
				PRODUCT_NAME = "$(TARGET_NAME)";
				SWIFT_VERSION = 5.0;
				TARGETED_DEVICE_FAMILY = "1,2";
			};
			name = Debug;
		};
		3B26927722DC90930046B35A /* Release */ = {
			isa = XCBuildConfiguration;
			baseConfigurationReference = D55F994797DE276BF459A673 /* Pods-ZRNetworkModule.release.xcconfig */;
			buildSettings = {
				ASSETCATALOG_COMPILER_APPICON_NAME = AppIcon;
				CODE_SIGN_STYLE = Automatic;
				INFOPLIST_FILE = ZRNetworkModule/Info.plist;
				IPHONEOS_DEPLOYMENT_TARGET = 9.0;
				LD_RUNPATH_SEARCH_PATHS = (
					"$(inherited)",
					"@executable_path/Frameworks",
				);
				PRODUCT_BUNDLE_IDENTIFIER = com.zr.ZRNetworkModule;
				PRODUCT_NAME = "$(TARGET_NAME)";
				SWIFT_VERSION = 5.0;
				TARGETED_DEVICE_FAMILY = "1,2";
			};
			name = Release;
		};
/* End XCBuildConfiguration section */

/* Begin XCConfigurationList section */
		3B26925E22DC90920046B35A /* Build configuration list for PBXProject "ZRNetworkModule" */ = {
			isa = XCConfigurationList;
			buildConfigurations = (
				3B26927322DC90930046B35A /* Debug */,
				3B26927422DC90930046B35A /* Release */,
			);
			defaultConfigurationIsVisible = 0;
			defaultConfigurationName = Release;
		};
		3B26927522DC90930046B35A /* Build configuration list for PBXNativeTarget "ZRNetworkModule" */ = {
			isa = XCConfigurationList;
			buildConfigurations = (
				3B26927622DC90930046B35A /* Debug */,
				3B26927722DC90930046B35A /* Release */,
			);
			defaultConfigurationIsVisible = 0;
			defaultConfigurationName = Release;
		};
/* End XCConfigurationList section */
	};
	rootObject = 3B26925B22DC90920046B35A /* Project object */;
}
