// !$*UTF8*$!
{
	archiveVersion = 1;
	classes = {
	};
	objectVersion = 51;
	objects = {

/* Begin PBXBuildFile section */
		4138C0217C8D24D5ECDA91DB /* Pods_moyo_ceshi_01.framework in Frameworks */ = {isa = PBXBuildFile; fileRef = 40C8358BC55D5F8D07A3E6C1 /* Pods_moyo_ceshi_01.framework */; };
		C25E082D22D4292100851D59 /* JerryAesSec.swift in Sources */ = {isa = PBXBuildFile; fileRef = C25E082C22D4292100851D59 /* JerryAesSec.swift */; };
		C25E082F22D42E4D00851D59 /* Foundation.framework in Frameworks */ = {isa = PBXBuildFile; fileRef = C25E082E22D42E4D00851D59 /* Foundation.framework */; };
		C25E083E22D4752400851D59 /* PCHHeader.swift in Sources */ = {isa = PBXBuildFile; fileRef = C25E083D22D4752400851D59 /* PCHHeader.swift */; };
		C25E084022D4987F00851D59 /* JerryTextTableViewCell.swift in Sources */ = {isa = PBXBuildFile; fileRef = C25E083F22D4987F00851D59 /* JerryTextTableViewCell.swift */; };
		C28BB66822D713E400CECFA4 /* Alamofire.framework in Frameworks */ = {isa = PBXBuildFile; fileRef = C28BB66722D713E400CECFA4 /* Alamofire.framework */; };
		CD670EC422CDF816000C476F /* AppDelegate.swift in Sources */ = {isa = PBXBuildFile; fileRef = CD670EC322CDF816000C476F /* AppDelegate.swift */; };
		CD670EC622CDF816000C476F /* ViewController.swift in Sources */ = {isa = PBXBuildFile; fileRef = CD670EC522CDF816000C476F /* ViewController.swift */; };
		CD670EC922CDF816000C476F /* Main.storyboard in Resources */ = {isa = PBXBuildFile; fileRef = CD670EC722CDF816000C476F /* Main.storyboard */; };
		CD670ECB22CDF834000C476F /* Assets.xcassets in Resources */ = {isa = PBXBuildFile; fileRef = CD670ECA22CDF833000C476F /* Assets.xcassets */; };
		CD670ECE22CDF834000C476F /* LaunchScreen.storyboard in Resources */ = {isa = PBXBuildFile; fileRef = CD670ECC22CDF834000C476F /* LaunchScreen.storyboard */; };
		CD670ED922CDF839000C476F /* moyo_ceshi_01Tests.swift in Sources */ = {isa = PBXBuildFile; fileRef = CD670ED822CDF839000C476F /* moyo_ceshi_01Tests.swift */; };
		CD670EE422CDF83A000C476F /* moyo_ceshi_01UITests.swift in Sources */ = {isa = PBXBuildFile; fileRef = CD670EE322CDF83A000C476F /* moyo_ceshi_01UITests.swift */; };
		CD670F3222CF3462000C476F /* UserModel.swift in Sources */ = {isa = PBXBuildFile; fileRef = CD670F3122CF3462000C476F /* UserModel.swift */; };
		CDB6FCB022D3208300E669E5 /* FslCreatSaveViewController.swift in Sources */ = {isa = PBXBuildFile; fileRef = CDB6FCAF22D3208300E669E5 /* FslCreatSaveViewController.swift */; };
		CDB6FCB222D3208D00E669E5 /* FSLReadViewController.swift in Sources */ = {isa = PBXBuildFile; fileRef = CDB6FCB122D3208D00E669E5 /* FSLReadViewController.swift */; };
/* End PBXBuildFile section */

/* Begin PBXContainerItemProxy section */
		CD670ED522CDF839000C476F /* PBXContainerItemProxy */ = {
			isa = PBXContainerItemProxy;
			containerPortal = CD670EB822CDF815000C476F /* Project object */;
			proxyType = 1;
			remoteGlobalIDString = CD670EBF22CDF816000C476F;
			remoteInfo = "moyo-ceshi-01";
		};
		CD670EE022CDF839000C476F /* PBXContainerItemProxy */ = {
			isa = PBXContainerItemProxy;
			containerPortal = CD670EB822CDF815000C476F /* Project object */;
			proxyType = 1;
			remoteGlobalIDString = CD670EBF22CDF816000C476F;
			remoteInfo = "moyo-ceshi-01";
		};
/* End PBXContainerItemProxy section */

/* Begin PBXFileReference section */
		2814156C5F6BFFB3B197DABC /* Pods-moyo-ceshi-01.release.xcconfig */ = {isa = PBXFileReference; includeInIndex = 1; lastKnownFileType = text.xcconfig; name = "Pods-moyo-ceshi-01.release.xcconfig"; path = "Target Support Files/Pods-moyo-ceshi-01/Pods-moyo-ceshi-01.release.xcconfig"; sourceTree = "<group>"; };
		40C8358BC55D5F8D07A3E6C1 /* Pods_moyo_ceshi_01.framework */ = {isa = PBXFileReference; explicitFileType = wrapper.framework; includeInIndex = 0; path = Pods_moyo_ceshi_01.framework; sourceTree = BUILT_PRODUCTS_DIR; };
		7BEF3AEF13F9C608FAFF667C /* Pods-moyo-ceshi-01.debug.xcconfig */ = {isa = PBXFileReference; includeInIndex = 1; lastKnownFileType = text.xcconfig; name = "Pods-moyo-ceshi-01.debug.xcconfig"; path = "Target Support Files/Pods-moyo-ceshi-01/Pods-moyo-ceshi-01.debug.xcconfig"; sourceTree = "<group>"; };
		C25E082C22D4292100851D59 /* JerryAesSec.swift */ = {isa = PBXFileReference; lastKnownFileType = sourcecode.swift; path = JerryAesSec.swift; sourceTree = "<group>"; };
		C25E082E22D42E4D00851D59 /* Foundation.framework */ = {isa = PBXFileReference; lastKnownFileType = wrapper.framework; name = Foundation.framework; path = System/Library/Frameworks/Foundation.framework; sourceTree = SDKROOT; };
		C25E083D22D4752400851D59 /* PCHHeader.swift */ = {isa = PBXFileReference; lastKnownFileType = sourcecode.swift; path = PCHHeader.swift; sourceTree = "<group>"; };
		C25E083F22D4987F00851D59 /* JerryTextTableViewCell.swift */ = {isa = PBXFileReference; lastKnownFileType = sourcecode.swift; path = JerryTextTableViewCell.swift; sourceTree = "<group>"; };
		C28BB66722D713E400CECFA4 /* Alamofire.framework */ = {isa = PBXFileReference; explicitFileType = wrapper.framework; path = Alamofire.framework; sourceTree = BUILT_PRODUCTS_DIR; };
		CD670EC022CDF816000C476F /* moyo-ceshi-01.app */ = {isa = PBXFileReference; explicitFileType = wrapper.application; includeInIndex = 0; path = "moyo-ceshi-01.app"; sourceTree = BUILT_PRODUCTS_DIR; };
		CD670EC322CDF816000C476F /* AppDelegate.swift */ = {isa = PBXFileReference; lastKnownFileType = sourcecode.swift; path = AppDelegate.swift; sourceTree = "<group>"; };
		CD670EC522CDF816000C476F /* ViewController.swift */ = {isa = PBXFileReference; lastKnownFileType = sourcecode.swift; path = ViewController.swift; sourceTree = "<group>"; };
		CD670EC822CDF816000C476F /* Base */ = {isa = PBXFileReference; lastKnownFileType = file.storyboard; name = Base; path = Base.lproj/Main.storyboard; sourceTree = "<group>"; };
		CD670ECA22CDF833000C476F /* Assets.xcassets */ = {isa = PBXFileReference; lastKnownFileType = folder.assetcatalog; path = Assets.xcassets; sourceTree = "<group>"; };
		CD670ECD22CDF834000C476F /* Base */ = {isa = PBXFileReference; lastKnownFileType = file.storyboard; name = Base; path = Base.lproj/LaunchScreen.storyboard; sourceTree = "<group>"; };
		CD670ECF22CDF834000C476F /* Info.plist */ = {isa = PBXFileReference; lastKnownFileType = text.plist.xml; path = Info.plist; sourceTree = "<group>"; };
		CD670ED422CDF839000C476F /* moyo-ceshi-01Tests.xctest */ = {isa = PBXFileReference; explicitFileType = wrapper.cfbundle; includeInIndex = 0; path = "moyo-ceshi-01Tests.xctest"; sourceTree = BUILT_PRODUCTS_DIR; };
		CD670ED822CDF839000C476F /* moyo_ceshi_01Tests.swift */ = {isa = PBXFileReference; lastKnownFileType = sourcecode.swift; path = moyo_ceshi_01Tests.swift; sourceTree = "<group>"; };
		CD670EDA22CDF839000C476F /* Info.plist */ = {isa = PBXFileReference; lastKnownFileType = text.plist.xml; path = Info.plist; sourceTree = "<group>"; };
		CD670EDF22CDF839000C476F /* moyo-ceshi-01UITests.xctest */ = {isa = PBXFileReference; explicitFileType = wrapper.cfbundle; includeInIndex = 0; path = "moyo-ceshi-01UITests.xctest"; sourceTree = BUILT_PRODUCTS_DIR; };
		CD670EE322CDF83A000C476F /* moyo_ceshi_01UITests.swift */ = {isa = PBXFileReference; lastKnownFileType = sourcecode.swift; path = moyo_ceshi_01UITests.swift; sourceTree = "<group>"; };
		CD670EE522CDF83A000C476F /* Info.plist */ = {isa = PBXFileReference; lastKnownFileType = text.plist.xml; path = Info.plist; sourceTree = "<group>"; };
		CD670F3122CF3462000C476F /* UserModel.swift */ = {isa = PBXFileReference; lastKnownFileType = sourcecode.swift; path = UserModel.swift; sourceTree = "<group>"; };
		CDB6FCAF22D3208300E669E5 /* FslCreatSaveViewController.swift */ = {isa = PBXFileReference; lastKnownFileType = sourcecode.swift; path = FslCreatSaveViewController.swift; sourceTree = "<group>"; };
		CDB6FCB122D3208D00E669E5 /* FSLReadViewController.swift */ = {isa = PBXFileReference; lastKnownFileType = sourcecode.swift; path = FSLReadViewController.swift; sourceTree = "<group>"; };
		CDB6FCB922D3496B00E669E5 /* Accelerate.framework */ = {isa = PBXFileReference; lastKnownFileType = wrapper.framework; name = Accelerate.framework; path = System/Library/Frameworks/Accelerate.framework; sourceTree = SDKROOT; };
/* End PBXFileReference section */

/* Begin PBXFrameworksBuildPhase section */
		CD670EBD22CDF816000C476F /* Frameworks */ = {
			isa = PBXFrameworksBuildPhase;
			buildActionMask = 2147483647;
			files = (
				C28BB66822D713E400CECFA4 /* Alamofire.framework in Frameworks */,
				C25E082F22D42E4D00851D59 /* Foundation.framework in Frameworks */,
				4138C0217C8D24D5ECDA91DB /* Pods_moyo_ceshi_01.framework in Frameworks */,
			);
			runOnlyForDeploymentPostprocessing = 0;
		};
		CD670ED122CDF839000C476F /* Frameworks */ = {
			isa = PBXFrameworksBuildPhase;
			buildActionMask = 2147483647;
			files = (
			);
			runOnlyForDeploymentPostprocessing = 0;
		};
		CD670EDC22CDF839000C476F /* Frameworks */ = {
			isa = PBXFrameworksBuildPhase;
			buildActionMask = 2147483647;
			files = (
			);
			runOnlyForDeploymentPostprocessing = 0;
		};
/* End PBXFrameworksBuildPhase section */

/* Begin PBXGroup section */
		6440C7E5171F7834D2F3E390 /* Frameworks */ = {
			isa = PBXGroup;
			children = (
				C28BB66722D713E400CECFA4 /* Alamofire.framework */,
				C25E082E22D42E4D00851D59 /* Foundation.framework */,
				CDB6FCB922D3496B00E669E5 /* Accelerate.framework */,
				40C8358BC55D5F8D07A3E6C1 /* Pods_moyo_ceshi_01.framework */,
			);
			name = Frameworks;
			sourceTree = "<group>";
		};
		BFF950DA2F20F3B6FD1AA31D /* Pods */ = {
			isa = PBXGroup;
			children = (
				7BEF3AEF13F9C608FAFF667C /* Pods-moyo-ceshi-01.debug.xcconfig */,
				2814156C5F6BFFB3B197DABC /* Pods-moyo-ceshi-01.release.xcconfig */,
			);
			path = Pods;
			sourceTree = "<group>";
		};
		CD670EB722CDF815000C476F = {
			isa = PBXGroup;
			children = (
				CD670EC222CDF816000C476F /* moyo-ceshi-01 */,
				CD670ED722CDF839000C476F /* moyo-ceshi-01Tests */,
				CD670EE222CDF83A000C476F /* moyo-ceshi-01UITests */,
				CD670EC122CDF816000C476F /* Products */,
				BFF950DA2F20F3B6FD1AA31D /* Pods */,
				6440C7E5171F7834D2F3E390 /* Frameworks */,
			);
			sourceTree = "<group>";
		};
		CD670EC122CDF816000C476F /* Products */ = {
			isa = PBXGroup;
			children = (
				CD670EC022CDF816000C476F /* moyo-ceshi-01.app */,
				CD670ED422CDF839000C476F /* moyo-ceshi-01Tests.xctest */,
				CD670EDF22CDF839000C476F /* moyo-ceshi-01UITests.xctest */,
			);
			name = Products;
			sourceTree = "<group>";
		};
		CD670EC222CDF816000C476F /* moyo-ceshi-01 */ = {
			isa = PBXGroup;
			children = (
				CD670EC322CDF816000C476F /* AppDelegate.swift */,
				CD670EC522CDF816000C476F /* ViewController.swift */,
				CDB6FCAF22D3208300E669E5 /* FslCreatSaveViewController.swift */,
				CDB6FCB122D3208D00E669E5 /* FSLReadViewController.swift */,
				CD670F3122CF3462000C476F /* UserModel.swift */,
				C25E082C22D4292100851D59 /* JerryAesSec.swift */,
				C25E083D22D4752400851D59 /* PCHHeader.swift */,
				C25E083F22D4987F00851D59 /* JerryTextTableViewCell.swift */,
				CD670EC722CDF816000C476F /* Main.storyboard */,
				CD670ECA22CDF833000C476F /* Assets.xcassets */,
				CD670ECC22CDF834000C476F /* LaunchScreen.storyboard */,
				CD670ECF22CDF834000C476F /* Info.plist */,
			);
			path = "moyo-ceshi-01";
			sourceTree = "<group>";
		};
		CD670ED722CDF839000C476F /* moyo-ceshi-01Tests */ = {
			isa = PBXGroup;
			children = (
				CD670ED822CDF839000C476F /* moyo_ceshi_01Tests.swift */,
				CD670EDA22CDF839000C476F /* Info.plist */,
			);
			path = "moyo-ceshi-01Tests";
			sourceTree = "<group>";
		};
		CD670EE222CDF83A000C476F /* moyo-ceshi-01UITests */ = {
			isa = PBXGroup;
			children = (
				CD670EE322CDF83A000C476F /* moyo_ceshi_01UITests.swift */,
				CD670EE522CDF83A000C476F /* Info.plist */,
			);
			path = "moyo-ceshi-01UITests";
			sourceTree = "<group>";
		};
/* End PBXGroup section */

/* Begin PBXNativeTarget section */
		CD670EBF22CDF816000C476F /* moyo-ceshi-01 */ = {
			isa = PBXNativeTarget;
			buildConfigurationList = CD670EE822CDF83A000C476F /* Build configuration list for PBXNativeTarget "moyo-ceshi-01" */;
			buildPhases = (
				9F256003561AE2F9DDC6B675 /* [CP] Check Pods Manifest.lock */,
				CD670EBC22CDF816000C476F /* Sources */,
				CD670EBD22CDF816000C476F /* Frameworks */,
				CD670EBE22CDF816000C476F /* Resources */,
				EADCA0A70D9F2DC5343D6141 /* [CP] Embed Pods Frameworks */,
			);
			buildRules = (
			);
			dependencies = (
			);
			name = "moyo-ceshi-01";
			productName = "moyo-ceshi-01";
			productReference = CD670EC022CDF816000C476F /* moyo-ceshi-01.app */;
			productType = "com.apple.product-type.application";
		};
		CD670ED322CDF839000C476F /* moyo-ceshi-01Tests */ = {
			isa = PBXNativeTarget;
			buildConfigurationList = CD670EEB22CDF83A000C476F /* Build configuration list for PBXNativeTarget "moyo-ceshi-01Tests" */;
			buildPhases = (
				CD670ED022CDF839000C476F /* Sources */,
				CD670ED122CDF839000C476F /* Frameworks */,
				CD670ED222CDF839000C476F /* Resources */,
			);
			buildRules = (
			);
			dependencies = (
				CD670ED622CDF839000C476F /* PBXTargetDependency */,
			);
			name = "moyo-ceshi-01Tests";
			productName = "moyo-ceshi-01Tests";
			productReference = CD670ED422CDF839000C476F /* moyo-ceshi-01Tests.xctest */;
			productType = "com.apple.product-type.bundle.unit-test";
		};
		CD670EDE22CDF839000C476F /* moyo-ceshi-01UITests */ = {
			isa = PBXNativeTarget;
			buildConfigurationList = CD670EEE22CDF83A000C476F /* Build configuration list for PBXNativeTarget "moyo-ceshi-01UITests" */;
			buildPhases = (
				CD670EDB22CDF839000C476F /* Sources */,
				CD670EDC22CDF839000C476F /* Frameworks */,
				CD670EDD22CDF839000C476F /* Resources */,
			);
			buildRules = (
			);
			dependencies = (
				CD670EE122CDF839000C476F /* PBXTargetDependency */,
			);
			name = "moyo-ceshi-01UITests";
			productName = "moyo-ceshi-01UITests";
			productReference = CD670EDF22CDF839000C476F /* moyo-ceshi-01UITests.xctest */;
			productType = "com.apple.product-type.bundle.ui-testing";
		};
/* End PBXNativeTarget section */

/* Begin PBXProject section */
		CD670EB822CDF815000C476F /* Project object */ = {
			isa = PBXProject;
			attributes = {
				LastSwiftUpdateCheck = 1020;
				LastUpgradeCheck = 1020;
				ORGANIZATIONNAME = "世霖mac";
				TargetAttributes = {
					CD670EBF22CDF816000C476F = {
						CreatedOnToolsVersion = 10.2.1;
					};
					CD670ED322CDF839000C476F = {
						CreatedOnToolsVersion = 10.2.1;
						TestTargetID = CD670EBF22CDF816000C476F;
					};
					CD670EDE22CDF839000C476F = {
						CreatedOnToolsVersion = 10.2.1;
						TestTargetID = CD670EBF22CDF816000C476F;
					};
				};
			};
			buildConfigurationList = CD670EBB22CDF815000C476F /* Build configuration list for PBXProject "moyo-ceshi-01" */;
			compatibilityVersion = "Xcode 9.3";
			developmentRegion = en;
			hasScannedForEncodings = 0;
			knownRegions = (
				en,
				Base,
			);
			mainGroup = CD670EB722CDF815000C476F;
			productRefGroup = CD670EC122CDF816000C476F /* Products */;
			projectDirPath = "";
			projectRoot = "";
			targets = (
				CD670EBF22CDF816000C476F /* moyo-ceshi-01 */,
				CD670ED322CDF839000C476F /* moyo-ceshi-01Tests */,
				CD670EDE22CDF839000C476F /* moyo-ceshi-01UITests */,
			);
		};
/* End PBXProject section */

/* Begin PBXResourcesBuildPhase section */
		CD670EBE22CDF816000C476F /* Resources */ = {
			isa = PBXResourcesBuildPhase;
			buildActionMask = 2147483647;
			files = (
				CD670ECE22CDF834000C476F /* LaunchScreen.storyboard in Resources */,
				CD670ECB22CDF834000C476F /* Assets.xcassets in Resources */,
				CD670EC922CDF816000C476F /* Main.storyboard in Resources */,
			);
			runOnlyForDeploymentPostprocessing = 0;
		};
		CD670ED222CDF839000C476F /* Resources */ = {
			isa = PBXResourcesBuildPhase;
			buildActionMask = 2147483647;
			files = (
			);
			runOnlyForDeploymentPostprocessing = 0;
		};
		CD670EDD22CDF839000C476F /* Resources */ = {
			isa = PBXResourcesBuildPhase;
			buildActionMask = 2147483647;
			files = (
			);
			runOnlyForDeploymentPostprocessing = 0;
		};
/* End PBXResourcesBuildPhase section */

/* Begin PBXShellScriptBuildPhase section */
		9F256003561AE2F9DDC6B675 /* [CP] Check Pods Manifest.lock */ = {
			isa = PBXShellScriptBuildPhase;
			buildActionMask = 2147483647;
			files = (
			);
			inputFileListPaths = (
			);
			inputPaths = (
				"${PODS_PODFILE_DIR_PATH}/Podfile.lock",
				"${PODS_ROOT}/Manifest.lock",
			);
			name = "[CP] Check Pods Manifest.lock";
			outputFileListPaths = (
			);
			outputPaths = (
				"$(DERIVED_FILE_DIR)/Pods-moyo-ceshi-01-checkManifestLockResult.txt",
			);
			runOnlyForDeploymentPostprocessing = 0;
			shellPath = /bin/sh;
			shellScript = "diff \"${PODS_PODFILE_DIR_PATH}/Podfile.lock\" \"${PODS_ROOT}/Manifest.lock\" > /dev/null\nif [ $? != 0 ] ; then\n    # print error to STDERR\n    echo \"error: The sandbox is not in sync with the Podfile.lock. Run 'pod install' or update your CocoaPods installation.\" >&2\n    exit 1\nfi\n# This output is used by Xcode 'outputs' to avoid re-running this script phase.\necho \"SUCCESS\" > \"${SCRIPT_OUTPUT_FILE_0}\"\n";
			showEnvVarsInLog = 0;
		};
		EADCA0A70D9F2DC5343D6141 /* [CP] Embed Pods Frameworks */ = {
			isa = PBXShellScriptBuildPhase;
			buildActionMask = 2147483647;
			files = (
			);
			inputFileListPaths = (
				"${PODS_ROOT}/Target Support Files/Pods-moyo-ceshi-01/Pods-moyo-ceshi-01-frameworks-${CONFIGURATION}-input-files.xcfilelist",
			);
			name = "[CP] Embed Pods Frameworks";
			outputFileListPaths = (
				"${PODS_ROOT}/Target Support Files/Pods-moyo-ceshi-01/Pods-moyo-ceshi-01-frameworks-${CONFIGURATION}-output-files.xcfilelist",
			);
			runOnlyForDeploymentPostprocessing = 0;
			shellPath = /bin/sh;
			shellScript = "\"${PODS_ROOT}/Target Support Files/Pods-moyo-ceshi-01/Pods-moyo-ceshi-01-frameworks.sh\"\n";
			showEnvVarsInLog = 0;
		};
/* End PBXShellScriptBuildPhase section */

/* Begin PBXSourcesBuildPhase section */
		CD670EBC22CDF816000C476F /* Sources */ = {
			isa = PBXSourcesBuildPhase;
			buildActionMask = 2147483647;
			files = (
				CDB6FCB022D3208300E669E5 /* FslCreatSaveViewController.swift in Sources */,
				CDB6FCB222D3208D00E669E5 /* FSLReadViewController.swift in Sources */,
				C25E083E22D4752400851D59 /* PCHHeader.swift in Sources */,
				C25E084022D4987F00851D59 /* JerryTextTableViewCell.swift in Sources */,
				CD670EC622CDF816000C476F /* ViewController.swift in Sources */,
				CD670F3222CF3462000C476F /* UserModel.swift in Sources */,
				C25E082D22D4292100851D59 /* JerryAesSec.swift in Sources */,
				CD670EC422CDF816000C476F /* AppDelegate.swift in Sources */,
			);
			runOnlyForDeploymentPostprocessing = 0;
		};
		CD670ED022CDF839000C476F /* Sources */ = {
			isa = PBXSourcesBuildPhase;
			buildActionMask = 2147483647;
			files = (
				CD670ED922CDF839000C476F /* moyo_ceshi_01Tests.swift in Sources */,
			);
			runOnlyForDeploymentPostprocessing = 0;
		};
		CD670EDB22CDF839000C476F /* Sources */ = {
			isa = PBXSourcesBuildPhase;
			buildActionMask = 2147483647;
			files = (
				CD670EE422CDF83A000C476F /* moyo_ceshi_01UITests.swift in Sources */,
			);
			runOnlyForDeploymentPostprocessing = 0;
		};
/* End PBXSourcesBuildPhase section */

/* Begin PBXTargetDependency section */
		CD670ED622CDF839000C476F /* PBXTargetDependency */ = {
			isa = PBXTargetDependency;
			target = CD670EBF22CDF816000C476F /* moyo-ceshi-01 */;
			targetProxy = CD670ED522CDF839000C476F /* PBXContainerItemProxy */;
		};
		CD670EE122CDF839000C476F /* PBXTargetDependency */ = {
			isa = PBXTargetDependency;
			target = CD670EBF22CDF816000C476F /* moyo-ceshi-01 */;
			targetProxy = CD670EE022CDF839000C476F /* PBXContainerItemProxy */;
		};
/* End PBXTargetDependency section */

/* Begin PBXVariantGroup section */
		CD670EC722CDF816000C476F /* Main.storyboard */ = {
			isa = PBXVariantGroup;
			children = (
				CD670EC822CDF816000C476F /* Base */,
			);
			name = Main.storyboard;
			sourceTree = "<group>";
		};
		CD670ECC22CDF834000C476F /* LaunchScreen.storyboard */ = {
			isa = PBXVariantGroup;
			children = (
				CD670ECD22CDF834000C476F /* Base */,
			);
			name = LaunchScreen.storyboard;
			sourceTree = "<group>";
		};
/* End PBXVariantGroup section */

/* Begin XCBuildConfiguration section */
		CD670EE622CDF83A000C476F /* Debug */ = {
			isa = XCBuildConfiguration;
			buildSettings = {
				ALWAYS_SEARCH_USER_PATHS = NO;
				CLANG_ANALYZER_NONNULL = YES;
				CLANG_ANALYZER_NUMBER_OBJECT_CONVERSION = YES_AGGRESSIVE;
				CLANG_CXX_LANGUAGE_STANDARD = "gnu++14";
				CLANG_CXX_LIBRARY = "libc++";
				CLANG_ENABLE_MODULES = YES;
				CLANG_ENABLE_OBJC_ARC = YES;
				CLANG_ENABLE_OBJC_WEAK = YES;
				CLANG_WARN_BLOCK_CAPTURE_AUTORELEASING = YES;
				CLANG_WARN_BOOL_CONVERSION = YES;
				CLANG_WARN_COMMA = YES;
				CLANG_WARN_CONSTANT_CONVERSION = YES;
				CLANG_WARN_DEPRECATED_OBJC_IMPLEMENTATIONS = YES;
				CLANG_WARN_DIRECT_OBJC_ISA_USAGE = YES_ERROR;
				CLANG_WARN_DOCUMENTATION_COMMENTS = YES;
				CLANG_WARN_EMPTY_BODY = YES;
				CLANG_WARN_ENUM_CONVERSION = YES;
				CLANG_WARN_INFINITE_RECURSION = YES;
				CLANG_WARN_INT_CONVERSION = YES;
				CLANG_WARN_NON_LITERAL_NULL_CONVERSION = YES;
				CLANG_WARN_OBJC_IMPLICIT_RETAIN_SELF = YES;
				CLANG_WARN_OBJC_LITERAL_CONVERSION = YES;
				CLANG_WARN_OBJC_ROOT_CLASS = YES_ERROR;
				CLANG_WARN_RANGE_LOOP_ANALYSIS = YES;
				CLANG_WARN_STRICT_PROTOTYPES = YES;
				CLANG_WARN_SUSPICIOUS_MOVE = YES;
				CLANG_WARN_UNGUARDED_AVAILABILITY = YES_AGGRESSIVE;
				CLANG_WARN_UNREACHABLE_CODE = YES;
				CLANG_WARN__DUPLICATE_METHOD_MATCH = YES;
				CODE_SIGN_IDENTITY = "iPhone Developer";
				COPY_PHASE_STRIP = NO;
				DEBUG_INFORMATION_FORMAT = dwarf;
				ENABLE_STRICT_OBJC_MSGSEND = YES;
				ENABLE_TESTABILITY = YES;
				GCC_C_LANGUAGE_STANDARD = gnu11;
				GCC_DYNAMIC_NO_PIC = NO;
				GCC_NO_COMMON_BLOCKS = YES;
				GCC_OPTIMIZATION_LEVEL = 0;
				GCC_PREPROCESSOR_DEFINITIONS = (
					"DEBUG=1",
					"$(inherited)",
				);
				GCC_WARN_64_TO_32_BIT_CONVERSION = YES;
				GCC_WARN_ABOUT_RETURN_TYPE = YES_ERROR;
				GCC_WARN_UNDECLARED_SELECTOR = YES;
				GCC_WARN_UNINITIALIZED_AUTOS = YES_AGGRESSIVE;
				GCC_WARN_UNUSED_FUNCTION = YES;
				GCC_WARN_UNUSED_VARIABLE = YES;
				IPHONEOS_DEPLOYMENT_TARGET = 12.2;
				MTL_ENABLE_DEBUG_INFO = INCLUDE_SOURCE;
				MTL_FAST_MATH = YES;
				ONLY_ACTIVE_ARCH = YES;
				SDKROOT = iphoneos;
				SWIFT_ACTIVE_COMPILATION_CONDITIONS = DEBUG;
				SWIFT_OPTIMIZATION_LEVEL = "-Onone";
			};
			name = Debug;
		};
		CD670EE722CDF83A000C476F /* Release */ = {
			isa = XCBuildConfiguration;
			buildSettings = {
				ALWAYS_SEARCH_USER_PATHS = NO;
				CLANG_ANALYZER_NONNULL = YES;
				CLANG_ANALYZER_NUMBER_OBJECT_CONVERSION = YES_AGGRESSIVE;
				CLANG_CXX_LANGUAGE_STANDARD = "gnu++14";
				CLANG_CXX_LIBRARY = "libc++";
				CLANG_ENABLE_MODULES = YES;
				CLANG_ENABLE_OBJC_ARC = YES;
				CLANG_ENABLE_OBJC_WEAK = YES;
				CLANG_WARN_BLOCK_CAPTURE_AUTORELEASING = YES;
				CLANG_WARN_BOOL_CONVERSION = YES;
				CLANG_WARN_COMMA = YES;
				CLANG_WARN_CONSTANT_CONVERSION = YES;
				CLANG_WARN_DEPRECATED_OBJC_IMPLEMENTATIONS = YES;
				CLANG_WARN_DIRECT_OBJC_ISA_USAGE = YES_ERROR;
				CLANG_WARN_DOCUMENTATION_COMMENTS = YES;
				CLANG_WARN_EMPTY_BODY = YES;
				CLANG_WARN_ENUM_CONVERSION = YES;
				CLANG_WARN_INFINITE_RECURSION = YES;
				CLANG_WARN_INT_CONVERSION = YES;
				CLANG_WARN_NON_LITERAL_NULL_CONVERSION = YES;
				CLANG_WARN_OBJC_IMPLICIT_RETAIN_SELF = YES;
				CLANG_WARN_OBJC_LITERAL_CONVERSION = YES;
				CLANG_WARN_OBJC_ROOT_CLASS = YES_ERROR;
				CLANG_WARN_RANGE_LOOP_ANALYSIS = YES;
				CLANG_WARN_STRICT_PROTOTYPES = YES;
				CLANG_WARN_SUSPICIOUS_MOVE = YES;
				CLANG_WARN_UNGUARDED_AVAILABILITY = YES_AGGRESSIVE;
				CLANG_WARN_UNREACHABLE_CODE = YES;
				CLANG_WARN__DUPLICATE_METHOD_MATCH = YES;
				CODE_SIGN_IDENTITY = "iPhone Developer";
				COPY_PHASE_STRIP = NO;
				DEBUG_INFORMATION_FORMAT = "dwarf-with-dsym";
				ENABLE_NS_ASSERTIONS = NO;
				ENABLE_STRICT_OBJC_MSGSEND = YES;
				GCC_C_LANGUAGE_STANDARD = gnu11;
				GCC_NO_COMMON_BLOCKS = YES;
				GCC_WARN_64_TO_32_BIT_CONVERSION = YES;
				GCC_WARN_ABOUT_RETURN_TYPE = YES_ERROR;
				GCC_WARN_UNDECLARED_SELECTOR = YES;
				GCC_WARN_UNINITIALIZED_AUTOS = YES_AGGRESSIVE;
				GCC_WARN_UNUSED_FUNCTION = YES;
				GCC_WARN_UNUSED_VARIABLE = YES;
				IPHONEOS_DEPLOYMENT_TARGET = 12.2;
				MTL_ENABLE_DEBUG_INFO = NO;
				MTL_FAST_MATH = YES;
				SDKROOT = iphoneos;
				SWIFT_COMPILATION_MODE = wholemodule;
				SWIFT_OPTIMIZATION_LEVEL = "-O";
				VALIDATE_PRODUCT = YES;
			};
			name = Release;
		};
		CD670EE922CDF83A000C476F /* Debug */ = {
			isa = XCBuildConfiguration;
			baseConfigurationReference = 7BEF3AEF13F9C608FAFF667C /* Pods-moyo-ceshi-01.debug.xcconfig */;
			buildSettings = {
				ASSETCATALOG_COMPILER_APPICON_NAME = AppIcon;
				CODE_SIGN_STYLE = Automatic;
				DEVELOPMENT_TEAM = DUKR3PGXAY;
				INFOPLIST_FILE = "moyo-ceshi-01/Info.plist";
				IPHONEOS_DEPLOYMENT_TARGET = 10.3;
				LD_RUNPATH_SEARCH_PATHS = (
					"$(inherited)",
					"@executable_path/Frameworks",
				);
				PRODUCT_BUNDLE_IDENTIFIER = "com.ceshi.shilin.moyo-ceshi-01";
				PRODUCT_NAME = "$(TARGET_NAME)";
				SWIFT_OBJC_BRIDGING_HEADER = "";
				SWIFT_VERSION = 5.0;
				TARGETED_DEVICE_FAMILY = "1,2";
			};
			name = Debug;
		};
		CD670EEA22CDF83A000C476F /* Release */ = {
			isa = XCBuildConfiguration;
			baseConfigurationReference = 2814156C5F6BFFB3B197DABC /* Pods-moyo-ceshi-01.release.xcconfig */;
			buildSettings = {
				ASSETCATALOG_COMPILER_APPICON_NAME = AppIcon;
				CODE_SIGN_STYLE = Automatic;
				DEVELOPMENT_TEAM = DUKR3PGXAY;
				INFOPLIST_FILE = "moyo-ceshi-01/Info.plist";
				IPHONEOS_DEPLOYMENT_TARGET = 10.3;
				LD_RUNPATH_SEARCH_PATHS = (
					"$(inherited)",
					"@executable_path/Frameworks",
				);
				PRODUCT_BUNDLE_IDENTIFIER = "com.ceshi.shilin.moyo-ceshi-01";
				PRODUCT_NAME = "$(TARGET_NAME)";
				SWIFT_OBJC_BRIDGING_HEADER = "";
				SWIFT_VERSION = 5.0;
				TARGETED_DEVICE_FAMILY = "1,2";
			};
			name = Release;
		};
		CD670EEC22CDF83A000C476F /* Debug */ = {
			isa = XCBuildConfiguration;
			buildSettings = {
				ALWAYS_EMBED_SWIFT_STANDARD_LIBRARIES = YES;
				BUNDLE_LOADER = "$(TEST_HOST)";
				CODE_SIGN_STYLE = Automatic;
				INFOPLIST_FILE = "moyo-ceshi-01Tests/Info.plist";
				LD_RUNPATH_SEARCH_PATHS = (
					"$(inherited)",
					"@executable_path/Frameworks",
					"@loader_path/Frameworks",
				);
				PRODUCT_BUNDLE_IDENTIFIER = "com.ceshi.shilin.moyo-ceshi-01Tests";
				PRODUCT_NAME = "$(TARGET_NAME)";
				SWIFT_VERSION = 5.0;
				TARGETED_DEVICE_FAMILY = "1,2";
				TEST_HOST = "$(BUILT_PRODUCTS_DIR)/moyo-ceshi-01.app/moyo-ceshi-01";
			};
			name = Debug;
		};
		CD670EED22CDF83A000C476F /* Release */ = {
			isa = XCBuildConfiguration;
			buildSettings = {
				ALWAYS_EMBED_SWIFT_STANDARD_LIBRARIES = YES;
				BUNDLE_LOADER = "$(TEST_HOST)";
				CODE_SIGN_STYLE = Automatic;
				INFOPLIST_FILE = "moyo-ceshi-01Tests/Info.plist";
				LD_RUNPATH_SEARCH_PATHS = (
					"$(inherited)",
					"@executable_path/Frameworks",
					"@loader_path/Frameworks",
				);
				PRODUCT_BUNDLE_IDENTIFIER = "com.ceshi.shilin.moyo-ceshi-01Tests";
				PRODUCT_NAME = "$(TARGET_NAME)";
				SWIFT_VERSION = 5.0;
				TARGETED_DEVICE_FAMILY = "1,2";
				TEST_HOST = "$(BUILT_PRODUCTS_DIR)/moyo-ceshi-01.app/moyo-ceshi-01";
			};
			name = Release;
		};
		CD670EEF22CDF83A000C476F /* Debug */ = {
			isa = XCBuildConfiguration;
			buildSettings = {
				ALWAYS_EMBED_SWIFT_STANDARD_LIBRARIES = YES;
				CODE_SIGN_STYLE = Automatic;
				INFOPLIST_FILE = "moyo-ceshi-01UITests/Info.plist";
				LD_RUNPATH_SEARCH_PATHS = (
					"$(inherited)",
					"@executable_path/Frameworks",
					"@loader_path/Frameworks",
				);
				PRODUCT_BUNDLE_IDENTIFIER = "com.ceshi.shilin.moyo-ceshi-01UITests";
				PRODUCT_NAME = "$(TARGET_NAME)";
				SWIFT_VERSION = 5.0;
				TARGETED_DEVICE_FAMILY = "1,2";
				TEST_TARGET_NAME = "moyo-ceshi-01";
			};
			name = Debug;
		};
		CD670EF022CDF83A000C476F /* Release */ = {
			isa = XCBuildConfiguration;
			buildSettings = {
				ALWAYS_EMBED_SWIFT_STANDARD_LIBRARIES = YES;
				CODE_SIGN_STYLE = Automatic;
				INFOPLIST_FILE = "moyo-ceshi-01UITests/Info.plist";
				LD_RUNPATH_SEARCH_PATHS = (
					"$(inherited)",
					"@executable_path/Frameworks",
					"@loader_path/Frameworks",
				);
				PRODUCT_BUNDLE_IDENTIFIER = "com.ceshi.shilin.moyo-ceshi-01UITests";
				PRODUCT_NAME = "$(TARGET_NAME)";
				SWIFT_VERSION = 5.0;
				TARGETED_DEVICE_FAMILY = "1,2";
				TEST_TARGET_NAME = "moyo-ceshi-01";
			};
			name = Release;
		};
/* End XCBuildConfiguration section */

/* Begin XCConfigurationList section */
		CD670EBB22CDF815000C476F /* Build configuration list for PBXProject "moyo-ceshi-01" */ = {
			isa = XCConfigurationList;
			buildConfigurations = (
				CD670EE622CDF83A000C476F /* Debug */,
				CD670EE722CDF83A000C476F /* Release */,
			);
			defaultConfigurationIsVisible = 0;
			defaultConfigurationName = Release;
		};
		CD670EE822CDF83A000C476F /* Build configuration list for PBXNativeTarget "moyo-ceshi-01" */ = {
			isa = XCConfigurationList;
			buildConfigurations = (
				CD670EE922CDF83A000C476F /* Debug */,
				CD670EEA22CDF83A000C476F /* Release */,
			);
			defaultConfigurationIsVisible = 0;
			defaultConfigurationName = Release;
		};
		CD670EEB22CDF83A000C476F /* Build configuration list for PBXNativeTarget "moyo-ceshi-01Tests" */ = {
			isa = XCConfigurationList;
			buildConfigurations = (
				CD670EEC22CDF83A000C476F /* Debug */,
				CD670EED22CDF83A000C476F /* Release */,
			);
			defaultConfigurationIsVisible = 0;
			defaultConfigurationName = Release;
		};
		CD670EEE22CDF83A000C476F /* Build configuration list for PBXNativeTarget "moyo-ceshi-01UITests" */ = {
			isa = XCConfigurationList;
			buildConfigurations = (
				CD670EEF22CDF83A000C476F /* Debug */,
				CD670EF022CDF83A000C476F /* Release */,
			);
			defaultConfigurationIsVisible = 0;
			defaultConfigurationName = Release;
		};
/* End XCConfigurationList section */
	};
	rootObject = CD670EB822CDF815000C476F /* Project object */;
}
