// !$*UTF8*$!
{
	archiveVersion = 1;
	classes = {
	};
	objectVersion = 50;
	objects = {

/* Begin PBXBuildFile section */
		C23324D722F6D5E50005A0D4 /* AppDelegate.swift in Sources */ = {isa = PBXBuildFile; fileRef = C23324D622F6D5E50005A0D4 /* AppDelegate.swift */; };
		C23324D922F6D5E50005A0D4 /* ViewController.swift in Sources */ = {isa = PBXBuildFile; fileRef = C23324D822F6D5E50005A0D4 /* ViewController.swift */; };
		C23324DC22F6D5E50005A0D4 /* Main.storyboard in Resources */ = {isa = PBXBuildFile; fileRef = C23324DA22F6D5E50005A0D4 /* Main.storyboard */; };
		C23324DE22F6D5E60005A0D4 /* Assets.xcassets in Resources */ = {isa = PBXBuildFile; fileRef = C23324DD22F6D5E60005A0D4 /* Assets.xcassets */; };
		C23324E122F6D5E60005A0D4 /* LaunchScreen.storyboard in Resources */ = {isa = PBXBuildFile; fileRef = C23324DF22F6D5E60005A0D4 /* LaunchScreen.storyboard */; };
		C23324EC22F6D5E60005A0D4 /* CELTextTests.swift in Sources */ = {isa = PBXBuildFile; fileRef = C23324EB22F6D5E60005A0D4 /* CELTextTests.swift */; };
		C23324F722F6D5E70005A0D4 /* CELTextUITests.swift in Sources */ = {isa = PBXBuildFile; fileRef = C23324F622F6D5E70005A0D4 /* CELTextUITests.swift */; };
		C233250522F6D7090005A0D4 /* JerryTableViewCell.swift in Sources */ = {isa = PBXBuildFile; fileRef = C233250422F6D7090005A0D4 /* JerryTableViewCell.swift */; };
		C233250722F6DBB40005A0D4 /* PriceDataMdoel.swift in Sources */ = {isa = PBXBuildFile; fileRef = C233250622F6DBB40005A0D4 /* PriceDataMdoel.swift */; };
/* End PBXBuildFile section */

/* Begin PBXContainerItemProxy section */
		C23324E822F6D5E60005A0D4 /* PBXContainerItemProxy */ = {
			isa = PBXContainerItemProxy;
			containerPortal = C23324CB22F6D5E50005A0D4 /* Project object */;
			proxyType = 1;
			remoteGlobalIDString = C23324D222F6D5E50005A0D4;
			remoteInfo = CELText;
		};
		C23324F322F6D5E70005A0D4 /* PBXContainerItemProxy */ = {
			isa = PBXContainerItemProxy;
			containerPortal = C23324CB22F6D5E50005A0D4 /* Project object */;
			proxyType = 1;
			remoteGlobalIDString = C23324D222F6D5E50005A0D4;
			remoteInfo = CELText;
		};
/* End PBXContainerItemProxy section */

/* Begin PBXFileReference section */
		C23324D322F6D5E50005A0D4 /* CELText.app */ = {isa = PBXFileReference; explicitFileType = wrapper.application; includeInIndex = 0; path = CELText.app; sourceTree = BUILT_PRODUCTS_DIR; };
		C23324D622F6D5E50005A0D4 /* AppDelegate.swift */ = {isa = PBXFileReference; lastKnownFileType = sourcecode.swift; path = AppDelegate.swift; sourceTree = "<group>"; };
		C23324D822F6D5E50005A0D4 /* ViewController.swift */ = {isa = PBXFileReference; lastKnownFileType = sourcecode.swift; path = ViewController.swift; sourceTree = "<group>"; };
		C23324DB22F6D5E50005A0D4 /* Base */ = {isa = PBXFileReference; lastKnownFileType = file.storyboard; name = Base; path = Base.lproj/Main.storyboard; sourceTree = "<group>"; };
		C23324DD22F6D5E60005A0D4 /* Assets.xcassets */ = {isa = PBXFileReference; lastKnownFileType = folder.assetcatalog; path = Assets.xcassets; sourceTree = "<group>"; };
		C23324E022F6D5E60005A0D4 /* Base */ = {isa = PBXFileReference; lastKnownFileType = file.storyboard; name = Base; path = Base.lproj/LaunchScreen.storyboard; sourceTree = "<group>"; };
		C23324E222F6D5E60005A0D4 /* Info.plist */ = {isa = PBXFileReference; lastKnownFileType = text.plist.xml; path = Info.plist; sourceTree = "<group>"; };
		C23324E722F6D5E60005A0D4 /* CELTextTests.xctest */ = {isa = PBXFileReference; explicitFileType = wrapper.cfbundle; includeInIndex = 0; path = CELTextTests.xctest; sourceTree = BUILT_PRODUCTS_DIR; };
		C23324EB22F6D5E60005A0D4 /* CELTextTests.swift */ = {isa = PBXFileReference; lastKnownFileType = sourcecode.swift; path = CELTextTests.swift; sourceTree = "<group>"; };
		C23324ED22F6D5E60005A0D4 /* Info.plist */ = {isa = PBXFileReference; lastKnownFileType = text.plist.xml; path = Info.plist; sourceTree = "<group>"; };
		C23324F222F6D5E70005A0D4 /* CELTextUITests.xctest */ = {isa = PBXFileReference; explicitFileType = wrapper.cfbundle; includeInIndex = 0; path = CELTextUITests.xctest; sourceTree = BUILT_PRODUCTS_DIR; };
		C23324F622F6D5E70005A0D4 /* CELTextUITests.swift */ = {isa = PBXFileReference; lastKnownFileType = sourcecode.swift; path = CELTextUITests.swift; sourceTree = "<group>"; };
		C23324F822F6D5E70005A0D4 /* Info.plist */ = {isa = PBXFileReference; lastKnownFileType = text.plist.xml; path = Info.plist; sourceTree = "<group>"; };
		C233250422F6D7090005A0D4 /* JerryTableViewCell.swift */ = {isa = PBXFileReference; lastKnownFileType = sourcecode.swift; path = JerryTableViewCell.swift; sourceTree = "<group>"; };
		C233250622F6DBB40005A0D4 /* PriceDataMdoel.swift */ = {isa = PBXFileReference; lastKnownFileType = sourcecode.swift; path = PriceDataMdoel.swift; sourceTree = "<group>"; };
/* End PBXFileReference section */

/* Begin PBXFrameworksBuildPhase section */
		C23324D022F6D5E50005A0D4 /* Frameworks */ = {
			isa = PBXFrameworksBuildPhase;
			buildActionMask = 2147483647;
			files = (
			);
			runOnlyForDeploymentPostprocessing = 0;
		};
		C23324E422F6D5E60005A0D4 /* Frameworks */ = {
			isa = PBXFrameworksBuildPhase;
			buildActionMask = 2147483647;
			files = (
			);
			runOnlyForDeploymentPostprocessing = 0;
		};
		C23324EF22F6D5E70005A0D4 /* Frameworks */ = {
			isa = PBXFrameworksBuildPhase;
			buildActionMask = 2147483647;
			files = (
			);
			runOnlyForDeploymentPostprocessing = 0;
		};
/* End PBXFrameworksBuildPhase section */

/* Begin PBXGroup section */
		C23324CA22F6D5E50005A0D4 = {
			isa = PBXGroup;
			children = (
				C23324D522F6D5E50005A0D4 /* CELText */,
				C23324EA22F6D5E60005A0D4 /* CELTextTests */,
				C23324F522F6D5E70005A0D4 /* CELTextUITests */,
				C23324D422F6D5E50005A0D4 /* Products */,
			);
			sourceTree = "<group>";
		};
		C23324D422F6D5E50005A0D4 /* Products */ = {
			isa = PBXGroup;
			children = (
				C23324D322F6D5E50005A0D4 /* CELText.app */,
				C23324E722F6D5E60005A0D4 /* CELTextTests.xctest */,
				C23324F222F6D5E70005A0D4 /* CELTextUITests.xctest */,
			);
			name = Products;
			sourceTree = "<group>";
		};
		C23324D522F6D5E50005A0D4 /* CELText */ = {
			isa = PBXGroup;
			children = (
				C23324D622F6D5E50005A0D4 /* AppDelegate.swift */,
				C23324D822F6D5E50005A0D4 /* ViewController.swift */,
				C233250622F6DBB40005A0D4 /* PriceDataMdoel.swift */,
				C233250422F6D7090005A0D4 /* JerryTableViewCell.swift */,
				C23324DA22F6D5E50005A0D4 /* Main.storyboard */,
				C23324DD22F6D5E60005A0D4 /* Assets.xcassets */,
				C23324DF22F6D5E60005A0D4 /* LaunchScreen.storyboard */,
				C23324E222F6D5E60005A0D4 /* Info.plist */,
			);
			path = CELText;
			sourceTree = "<group>";
		};
		C23324EA22F6D5E60005A0D4 /* CELTextTests */ = {
			isa = PBXGroup;
			children = (
				C23324EB22F6D5E60005A0D4 /* CELTextTests.swift */,
				C23324ED22F6D5E60005A0D4 /* Info.plist */,
			);
			path = CELTextTests;
			sourceTree = "<group>";
		};
		C23324F522F6D5E70005A0D4 /* CELTextUITests */ = {
			isa = PBXGroup;
			children = (
				C23324F622F6D5E70005A0D4 /* CELTextUITests.swift */,
				C23324F822F6D5E70005A0D4 /* Info.plist */,
			);
			path = CELTextUITests;
			sourceTree = "<group>";
		};
/* End PBXGroup section */

/* Begin PBXNativeTarget section */
		C23324D222F6D5E50005A0D4 /* CELText */ = {
			isa = PBXNativeTarget;
			buildConfigurationList = C23324FB22F6D5E70005A0D4 /* Build configuration list for PBXNativeTarget "CELText" */;
			buildPhases = (
				C23324CF22F6D5E50005A0D4 /* Sources */,
				C23324D022F6D5E50005A0D4 /* Frameworks */,
				C23324D122F6D5E50005A0D4 /* Resources */,
			);
			buildRules = (
			);
			dependencies = (
			);
			name = CELText;
			productName = CELText;
			productReference = C23324D322F6D5E50005A0D4 /* CELText.app */;
			productType = "com.apple.product-type.application";
		};
		C23324E622F6D5E60005A0D4 /* CELTextTests */ = {
			isa = PBXNativeTarget;
			buildConfigurationList = C23324FE22F6D5E70005A0D4 /* Build configuration list for PBXNativeTarget "CELTextTests" */;
			buildPhases = (
				C23324E322F6D5E60005A0D4 /* Sources */,
				C23324E422F6D5E60005A0D4 /* Frameworks */,
				C23324E522F6D5E60005A0D4 /* Resources */,
			);
			buildRules = (
			);
			dependencies = (
				C23324E922F6D5E60005A0D4 /* PBXTargetDependency */,
			);
			name = CELTextTests;
			productName = CELTextTests;
			productReference = C23324E722F6D5E60005A0D4 /* CELTextTests.xctest */;
			productType = "com.apple.product-type.bundle.unit-test";
		};
		C23324F122F6D5E70005A0D4 /* CELTextUITests */ = {
			isa = PBXNativeTarget;
			buildConfigurationList = C233250122F6D5E70005A0D4 /* Build configuration list for PBXNativeTarget "CELTextUITests" */;
			buildPhases = (
				C23324EE22F6D5E70005A0D4 /* Sources */,
				C23324EF22F6D5E70005A0D4 /* Frameworks */,
				C23324F022F6D5E70005A0D4 /* Resources */,
			);
			buildRules = (
			);
			dependencies = (
				C23324F422F6D5E70005A0D4 /* PBXTargetDependency */,
			);
			name = CELTextUITests;
			productName = CELTextUITests;
			productReference = C23324F222F6D5E70005A0D4 /* CELTextUITests.xctest */;
			productType = "com.apple.product-type.bundle.ui-testing";
		};
/* End PBXNativeTarget section */

/* Begin PBXProject section */
		C23324CB22F6D5E50005A0D4 /* Project object */ = {
			isa = PBXProject;
			attributes = {
				LastSwiftUpdateCheck = 1020;
				LastUpgradeCheck = 1020;
				ORGANIZATIONNAME = "我演示";
				TargetAttributes = {
					C23324D222F6D5E50005A0D4 = {
						CreatedOnToolsVersion = 10.2;
					};
					C23324E622F6D5E60005A0D4 = {
						CreatedOnToolsVersion = 10.2;
						TestTargetID = C23324D222F6D5E50005A0D4;
					};
					C23324F122F6D5E70005A0D4 = {
						CreatedOnToolsVersion = 10.2;
						TestTargetID = C23324D222F6D5E50005A0D4;
					};
				};
			};
			buildConfigurationList = C23324CE22F6D5E50005A0D4 /* Build configuration list for PBXProject "CELText" */;
			compatibilityVersion = "Xcode 9.3";
			developmentRegion = en;
			hasScannedForEncodings = 0;
			knownRegions = (
				en,
				Base,
			);
			mainGroup = C23324CA22F6D5E50005A0D4;
			productRefGroup = C23324D422F6D5E50005A0D4 /* Products */;
			projectDirPath = "";
			projectRoot = "";
			targets = (
				C23324D222F6D5E50005A0D4 /* CELText */,
				C23324E622F6D5E60005A0D4 /* CELTextTests */,
				C23324F122F6D5E70005A0D4 /* CELTextUITests */,
			);
		};
/* End PBXProject section */

/* Begin PBXResourcesBuildPhase section */
		C23324D122F6D5E50005A0D4 /* Resources */ = {
			isa = PBXResourcesBuildPhase;
			buildActionMask = 2147483647;
			files = (
				C23324E122F6D5E60005A0D4 /* LaunchScreen.storyboard in Resources */,
				C23324DE22F6D5E60005A0D4 /* Assets.xcassets in Resources */,
				C23324DC22F6D5E50005A0D4 /* Main.storyboard in Resources */,
			);
			runOnlyForDeploymentPostprocessing = 0;
		};
		C23324E522F6D5E60005A0D4 /* Resources */ = {
			isa = PBXResourcesBuildPhase;
			buildActionMask = 2147483647;
			files = (
			);
			runOnlyForDeploymentPostprocessing = 0;
		};
		C23324F022F6D5E70005A0D4 /* Resources */ = {
			isa = PBXResourcesBuildPhase;
			buildActionMask = 2147483647;
			files = (
			);
			runOnlyForDeploymentPostprocessing = 0;
		};
/* End PBXResourcesBuildPhase section */

/* Begin PBXSourcesBuildPhase section */
		C23324CF22F6D5E50005A0D4 /* Sources */ = {
			isa = PBXSourcesBuildPhase;
			buildActionMask = 2147483647;
			files = (
				C23324D922F6D5E50005A0D4 /* ViewController.swift in Sources */,
				C233250722F6DBB40005A0D4 /* PriceDataMdoel.swift in Sources */,
				C23324D722F6D5E50005A0D4 /* AppDelegate.swift in Sources */,
				C233250522F6D7090005A0D4 /* JerryTableViewCell.swift in Sources */,
			);
			runOnlyForDeploymentPostprocessing = 0;
		};
		C23324E322F6D5E60005A0D4 /* Sources */ = {
			isa = PBXSourcesBuildPhase;
			buildActionMask = 2147483647;
			files = (
				C23324EC22F6D5E60005A0D4 /* CELTextTests.swift in Sources */,
			);
			runOnlyForDeploymentPostprocessing = 0;
		};
		C23324EE22F6D5E70005A0D4 /* Sources */ = {
			isa = PBXSourcesBuildPhase;
			buildActionMask = 2147483647;
			files = (
				C23324F722F6D5E70005A0D4 /* CELTextUITests.swift in Sources */,
			);
			runOnlyForDeploymentPostprocessing = 0;
		};
/* End PBXSourcesBuildPhase section */

/* Begin PBXTargetDependency section */
		C23324E922F6D5E60005A0D4 /* PBXTargetDependency */ = {
			isa = PBXTargetDependency;
			target = C23324D222F6D5E50005A0D4 /* CELText */;
			targetProxy = C23324E822F6D5E60005A0D4 /* PBXContainerItemProxy */;
		};
		C23324F422F6D5E70005A0D4 /* PBXTargetDependency */ = {
			isa = PBXTargetDependency;
			target = C23324D222F6D5E50005A0D4 /* CELText */;
			targetProxy = C23324F322F6D5E70005A0D4 /* PBXContainerItemProxy */;
		};
/* End PBXTargetDependency section */

/* Begin PBXVariantGroup section */
		C23324DA22F6D5E50005A0D4 /* Main.storyboard */ = {
			isa = PBXVariantGroup;
			children = (
				C23324DB22F6D5E50005A0D4 /* Base */,
			);
			name = Main.storyboard;
			sourceTree = "<group>";
		};
		C23324DF22F6D5E60005A0D4 /* LaunchScreen.storyboard */ = {
			isa = PBXVariantGroup;
			children = (
				C23324E022F6D5E60005A0D4 /* Base */,
			);
			name = LaunchScreen.storyboard;
			sourceTree = "<group>";
		};
/* End PBXVariantGroup section */

/* Begin XCBuildConfiguration section */
		C23324F922F6D5E70005A0D4 /* Debug */ = {
			isa = XCBuildConfiguration;
			buildSettings = {
				ALWAYS_SEARCH_USER_PATHS = NO;
				CLANG_ANALYZER_NONNULL = YES;
				CLANG_ANALYZER_NUMBER_OBJECT_CONVERSION = YES_AGGRESSIVE;
				CLANG_CXX_LANGUAGE_STANDARD = "gnu++14";
				CLANG_CXX_LIBRARY = "libc++";
				CLANG_ENABLE_MODULES = YES;
				CLANG_ENABLE_OBJC_ARC = YES;
				CLANG_ENABLE_OBJC_WEAK = YES;
				CLANG_WARN_BLOCK_CAPTURE_AUTORELEASING = YES;
				CLANG_WARN_BOOL_CONVERSION = YES;
				CLANG_WARN_COMMA = YES;
				CLANG_WARN_CONSTANT_CONVERSION = YES;
				CLANG_WARN_DEPRECATED_OBJC_IMPLEMENTATIONS = YES;
				CLANG_WARN_DIRECT_OBJC_ISA_USAGE = YES_ERROR;
				CLANG_WARN_DOCUMENTATION_COMMENTS = YES;
				CLANG_WARN_EMPTY_BODY = YES;
				CLANG_WARN_ENUM_CONVERSION = YES;
				CLANG_WARN_INFINITE_RECURSION = YES;
				CLANG_WARN_INT_CONVERSION = YES;
				CLANG_WARN_NON_LITERAL_NULL_CONVERSION = YES;
				CLANG_WARN_OBJC_IMPLICIT_RETAIN_SELF = YES;
				CLANG_WARN_OBJC_LITERAL_CONVERSION = YES;
				CLANG_WARN_OBJC_ROOT_CLASS = YES_ERROR;
				CLANG_WARN_RANGE_LOOP_ANALYSIS = YES;
				CLANG_WARN_STRICT_PROTOTYPES = YES;
				CLANG_WARN_SUSPICIOUS_MOVE = YES;
				CLANG_WARN_UNGUARDED_AVAILABILITY = YES_AGGRESSIVE;
				CLANG_WARN_UNREACHABLE_CODE = YES;
				CLANG_WARN__DUPLICATE_METHOD_MATCH = YES;
				CODE_SIGN_IDENTITY = "iPhone Developer";
				COPY_PHASE_STRIP = NO;
				DEBUG_INFORMATION_FORMAT = dwarf;
				ENABLE_STRICT_OBJC_MSGSEND = YES;
				ENABLE_TESTABILITY = YES;
				GCC_C_LANGUAGE_STANDARD = gnu11;
				GCC_DYNAMIC_NO_PIC = NO;
				GCC_NO_COMMON_BLOCKS = YES;
				GCC_OPTIMIZATION_LEVEL = 0;
				GCC_PREPROCESSOR_DEFINITIONS = (
					"DEBUG=1",
					"$(inherited)",
				);
				GCC_WARN_64_TO_32_BIT_CONVERSION = YES;
				GCC_WARN_ABOUT_RETURN_TYPE = YES_ERROR;
				GCC_WARN_UNDECLARED_SELECTOR = YES;
				GCC_WARN_UNINITIALIZED_AUTOS = YES_AGGRESSIVE;
				GCC_WARN_UNUSED_FUNCTION = YES;
				GCC_WARN_UNUSED_VARIABLE = YES;
				IPHONEOS_DEPLOYMENT_TARGET = 12.2;
				MTL_ENABLE_DEBUG_INFO = INCLUDE_SOURCE;
				MTL_FAST_MATH = YES;
				ONLY_ACTIVE_ARCH = YES;
				SDKROOT = iphoneos;
				SWIFT_ACTIVE_COMPILATION_CONDITIONS = DEBUG;
				SWIFT_OPTIMIZATION_LEVEL = "-Onone";
			};
			name = Debug;
		};
		C23324FA22F6D5E70005A0D4 /* Release */ = {
			isa = XCBuildConfiguration;
			buildSettings = {
				ALWAYS_SEARCH_USER_PATHS = NO;
				CLANG_ANALYZER_NONNULL = YES;
				CLANG_ANALYZER_NUMBER_OBJECT_CONVERSION = YES_AGGRESSIVE;
				CLANG_CXX_LANGUAGE_STANDARD = "gnu++14";
				CLANG_CXX_LIBRARY = "libc++";
				CLANG_ENABLE_MODULES = YES;
				CLANG_ENABLE_OBJC_ARC = YES;
				CLANG_ENABLE_OBJC_WEAK = YES;
				CLANG_WARN_BLOCK_CAPTURE_AUTORELEASING = YES;
				CLANG_WARN_BOOL_CONVERSION = YES;
				CLANG_WARN_COMMA = YES;
				CLANG_WARN_CONSTANT_CONVERSION = YES;
				CLANG_WARN_DEPRECATED_OBJC_IMPLEMENTATIONS = YES;
				CLANG_WARN_DIRECT_OBJC_ISA_USAGE = YES_ERROR;
				CLANG_WARN_DOCUMENTATION_COMMENTS = YES;
				CLANG_WARN_EMPTY_BODY = YES;
				CLANG_WARN_ENUM_CONVERSION = YES;
				CLANG_WARN_INFINITE_RECURSION = YES;
				CLANG_WARN_INT_CONVERSION = YES;
				CLANG_WARN_NON_LITERAL_NULL_CONVERSION = YES;
				CLANG_WARN_OBJC_IMPLICIT_RETAIN_SELF = YES;
				CLANG_WARN_OBJC_LITERAL_CONVERSION = YES;
				CLANG_WARN_OBJC_ROOT_CLASS = YES_ERROR;
				CLANG_WARN_RANGE_LOOP_ANALYSIS = YES;
				CLANG_WARN_STRICT_PROTOTYPES = YES;
				CLANG_WARN_SUSPICIOUS_MOVE = YES;
				CLANG_WARN_UNGUARDED_AVAILABILITY = YES_AGGRESSIVE;
				CLANG_WARN_UNREACHABLE_CODE = YES;
				CLANG_WARN__DUPLICATE_METHOD_MATCH = YES;
				CODE_SIGN_IDENTITY = "iPhone Developer";
				COPY_PHASE_STRIP = NO;
				DEBUG_INFORMATION_FORMAT = "dwarf-with-dsym";
				ENABLE_NS_ASSERTIONS = NO;
				ENABLE_STRICT_OBJC_MSGSEND = YES;
				GCC_C_LANGUAGE_STANDARD = gnu11;
				GCC_NO_COMMON_BLOCKS = YES;
				GCC_WARN_64_TO_32_BIT_CONVERSION = YES;
				GCC_WARN_ABOUT_RETURN_TYPE = YES_ERROR;
				GCC_WARN_UNDECLARED_SELECTOR = YES;
				GCC_WARN_UNINITIALIZED_AUTOS = YES_AGGRESSIVE;
				GCC_WARN_UNUSED_FUNCTION = YES;
				GCC_WARN_UNUSED_VARIABLE = YES;
				IPHONEOS_DEPLOYMENT_TARGET = 12.2;
				MTL_ENABLE_DEBUG_INFO = NO;
				MTL_FAST_MATH = YES;
				SDKROOT = iphoneos;
				SWIFT_COMPILATION_MODE = wholemodule;
				SWIFT_OPTIMIZATION_LEVEL = "-O";
				VALIDATE_PRODUCT = YES;
			};
			name = Release;
		};
		C23324FC22F6D5E70005A0D4 /* Debug */ = {
			isa = XCBuildConfiguration;
			buildSettings = {
				ASSETCATALOG_COMPILER_APPICON_NAME = AppIcon;
				CODE_SIGN_STYLE = Automatic;
				DEVELOPMENT_TEAM = DUKR3PGXAY;
				INFOPLIST_FILE = CELText/Info.plist;
				LD_RUNPATH_SEARCH_PATHS = (
					"$(inherited)",
					"@executable_path/Frameworks",
				);
				PRODUCT_BUNDLE_IDENTIFIER = com.ceshi.shilin.CELText;
				PRODUCT_NAME = "$(TARGET_NAME)";
				SWIFT_VERSION = 5.0;
				TARGETED_DEVICE_FAMILY = "1,2";
			};
			name = Debug;
		};
		C23324FD22F6D5E70005A0D4 /* Release */ = {
			isa = XCBuildConfiguration;
			buildSettings = {
				ASSETCATALOG_COMPILER_APPICON_NAME = AppIcon;
				CODE_SIGN_STYLE = Automatic;
				DEVELOPMENT_TEAM = DUKR3PGXAY;
				INFOPLIST_FILE = CELText/Info.plist;
				LD_RUNPATH_SEARCH_PATHS = (
					"$(inherited)",
					"@executable_path/Frameworks",
				);
				PRODUCT_BUNDLE_IDENTIFIER = com.ceshi.shilin.CELText;
				PRODUCT_NAME = "$(TARGET_NAME)";
				SWIFT_VERSION = 5.0;
				TARGETED_DEVICE_FAMILY = "1,2";
			};
			name = Release;
		};
		C23324FF22F6D5E70005A0D4 /* Debug */ = {
			isa = XCBuildConfiguration;
			buildSettings = {
				ALWAYS_EMBED_SWIFT_STANDARD_LIBRARIES = YES;
				BUNDLE_LOADER = "$(TEST_HOST)";
				CODE_SIGN_STYLE = Automatic;
				DEVELOPMENT_TEAM = DUKR3PGXAY;
				INFOPLIST_FILE = CELTextTests/Info.plist;
				LD_RUNPATH_SEARCH_PATHS = (
					"$(inherited)",
					"@executable_path/Frameworks",
					"@loader_path/Frameworks",
				);
				PRODUCT_BUNDLE_IDENTIFIER = com.ceshi.shilin.CELTextTests;
				PRODUCT_NAME = "$(TARGET_NAME)";
				SWIFT_VERSION = 5.0;
				TARGETED_DEVICE_FAMILY = "1,2";
				TEST_HOST = "$(BUILT_PRODUCTS_DIR)/CELText.app/CELText";
			};
			name = Debug;
		};
		C233250022F6D5E70005A0D4 /* Release */ = {
			isa = XCBuildConfiguration;
			buildSettings = {
				ALWAYS_EMBED_SWIFT_STANDARD_LIBRARIES = YES;
				BUNDLE_LOADER = "$(TEST_HOST)";
				CODE_SIGN_STYLE = Automatic;
				DEVELOPMENT_TEAM = DUKR3PGXAY;
				INFOPLIST_FILE = CELTextTests/Info.plist;
				LD_RUNPATH_SEARCH_PATHS = (
					"$(inherited)",
					"@executable_path/Frameworks",
					"@loader_path/Frameworks",
				);
				PRODUCT_BUNDLE_IDENTIFIER = com.ceshi.shilin.CELTextTests;
				PRODUCT_NAME = "$(TARGET_NAME)";
				SWIFT_VERSION = 5.0;
				TARGETED_DEVICE_FAMILY = "1,2";
				TEST_HOST = "$(BUILT_PRODUCTS_DIR)/CELText.app/CELText";
			};
			name = Release;
		};
		C233250222F6D5E70005A0D4 /* Debug */ = {
			isa = XCBuildConfiguration;
			buildSettings = {
				ALWAYS_EMBED_SWIFT_STANDARD_LIBRARIES = YES;
				CODE_SIGN_STYLE = Automatic;
				DEVELOPMENT_TEAM = DUKR3PGXAY;
				INFOPLIST_FILE = CELTextUITests/Info.plist;
				LD_RUNPATH_SEARCH_PATHS = (
					"$(inherited)",
					"@executable_path/Frameworks",
					"@loader_path/Frameworks",
				);
				PRODUCT_BUNDLE_IDENTIFIER = com.ceshi.shilin.CELTextUITests;
				PRODUCT_NAME = "$(TARGET_NAME)";
				SWIFT_VERSION = 5.0;
				TARGETED_DEVICE_FAMILY = "1,2";
				TEST_TARGET_NAME = CELText;
			};
			name = Debug;
		};
		C233250322F6D5E70005A0D4 /* Release */ = {
			isa = XCBuildConfiguration;
			buildSettings = {
				ALWAYS_EMBED_SWIFT_STANDARD_LIBRARIES = YES;
				CODE_SIGN_STYLE = Automatic;
				DEVELOPMENT_TEAM = DUKR3PGXAY;
				INFOPLIST_FILE = CELTextUITests/Info.plist;
				LD_RUNPATH_SEARCH_PATHS = (
					"$(inherited)",
					"@executable_path/Frameworks",
					"@loader_path/Frameworks",
				);
				PRODUCT_BUNDLE_IDENTIFIER = com.ceshi.shilin.CELTextUITests;
				PRODUCT_NAME = "$(TARGET_NAME)";
				SWIFT_VERSION = 5.0;
				TARGETED_DEVICE_FAMILY = "1,2";
				TEST_TARGET_NAME = CELText;
			};
			name = Release;
		};
/* End XCBuildConfiguration section */

/* Begin XCConfigurationList section */
		C23324CE22F6D5E50005A0D4 /* Build configuration list for PBXProject "CELText" */ = {
			isa = XCConfigurationList;
			buildConfigurations = (
				C23324F922F6D5E70005A0D4 /* Debug */,
				C23324FA22F6D5E70005A0D4 /* Release */,
			);
			defaultConfigurationIsVisible = 0;
			defaultConfigurationName = Release;
		};
		C23324FB22F6D5E70005A0D4 /* Build configuration list for PBXNativeTarget "CELText" */ = {
			isa = XCConfigurationList;
			buildConfigurations = (
				C23324FC22F6D5E70005A0D4 /* Debug */,
				C23324FD22F6D5E70005A0D4 /* Release */,
			);
			defaultConfigurationIsVisible = 0;
			defaultConfigurationName = Release;
		};
		C23324FE22F6D5E70005A0D4 /* Build configuration list for PBXNativeTarget "CELTextTests" */ = {
			isa = XCConfigurationList;
			buildConfigurations = (
				C23324FF22F6D5E70005A0D4 /* Debug */,
				C233250022F6D5E70005A0D4 /* Release */,
			);
			defaultConfigurationIsVisible = 0;
			defaultConfigurationName = Release;
		};
		C233250122F6D5E70005A0D4 /* Build configuration list for PBXNativeTarget "CELTextUITests" */ = {
			isa = XCConfigurationList;
			buildConfigurations = (
				C233250222F6D5E70005A0D4 /* Debug */,
				C233250322F6D5E70005A0D4 /* Release */,
			);
			defaultConfigurationIsVisible = 0;
			defaultConfigurationName = Release;
		};
/* End XCConfigurationList section */
	};
	rootObject = C23324CB22F6D5E50005A0D4 /* Project object */;
}
